// !$*UTF8*$!
{
	archiveVersion = 1;
	classes = {
	};
	objectVersion = 56;
	objects = {

/* Begin PBXBuildFile section */
		B140BA592A60F39400819203 /* SwiftUICam in Frameworks */ = {isa = PBXBuildFile; productRef = B140BA582A60F39400819203 /* SwiftUICam */; };
		B140DB6A2A53C6EC002FFA65 /* RequestsPage.swift in Sources */ = {isa = PBXBuildFile; fileRef = B140DB692A53C6EC002FFA65 /* RequestsPage.swift */; };
		B14AF3452A5CE64800BDE1A4 /* CommentView.swift in Sources */ = {isa = PBXBuildFile; fileRef = B14AF3442A5CE64800BDE1A4 /* CommentView.swift */; };
		B14D3A012A5B8AFA00056EAA /* sofrat.mov in Resources */ = {isa = PBXBuildFile; fileRef = B14D3A002A5B8AFA00056EAA /* sofrat.mov */; };
		B1562CDF2A5E501B00E8C5FD /* ReplyView.swift in Sources */ = {isa = PBXBuildFile; fileRef = B1562CDE2A5E501B00E8C5FD /* ReplyView.swift */; };
		B164A9F12A5B729F0033586F /* CommentTextField.swift in Sources */ = {isa = PBXBuildFile; fileRef = B164A9F02A5B729F0033586F /* CommentTextField.swift */; };
		B164A9F32A5B89150033586F /* InitialMessage.swift in Sources */ = {isa = PBXBuildFile; fileRef = B164A9F22A5B89150033586F /* InitialMessage.swift */; };
		B18B19722A46059700309256 /* SettingsPage.swift in Sources */ = {isa = PBXBuildFile; fileRef = B18B19712A46059700309256 /* SettingsPage.swift */; };
		B18B19742A4613A200309256 /* LeaderboardPage.swift in Sources */ = {isa = PBXBuildFile; fileRef = B18B19732A4613A200309256 /* LeaderboardPage.swift */; };
		B18B19912A46976700309256 /* Comfortaa-Bold.ttf in Resources */ = {isa = PBXBuildFile; fileRef = B18B198A2A46974300309256 /* Comfortaa-Bold.ttf */; };
		B18B19922A46976700309256 /* Comfortaa-Light.ttf in Resources */ = {isa = PBXBuildFile; fileRef = B18B19892A46974300309256 /* Comfortaa-Light.ttf */; };
		B18B19932A46976700309256 /* Comfortaa-Medium.ttf in Resources */ = {isa = PBXBuildFile; fileRef = B18B19872A46974300309256 /* Comfortaa-Medium.ttf */; };
		B18B19942A46976700309256 /* Comfortaa-Regular.ttf in Resources */ = {isa = PBXBuildFile; fileRef = B18B197D2A46974200309256 /* Comfortaa-Regular.ttf */; };
		B18B19952A46976700309256 /* Comfortaa-SemiBold.ttf in Resources */ = {isa = PBXBuildFile; fileRef = B18B198E2A46974300309256 /* Comfortaa-SemiBold.ttf */; };
		B18B19962A46976700309256 /* JosefinSans-Bold.ttf in Resources */ = {isa = PBXBuildFile; fileRef = B18B197C2A46974200309256 /* JosefinSans-Bold.ttf */; };
		B18B19972A46976700309256 /* JosefinSans-BoldItalic.ttf in Resources */ = {isa = PBXBuildFile; fileRef = B18B19762A46974200309256 /* JosefinSans-BoldItalic.ttf */; };
		B18B19982A46976700309256 /* JosefinSans-ExtraLight.ttf in Resources */ = {isa = PBXBuildFile; fileRef = B18B198F2A46974300309256 /* JosefinSans-ExtraLight.ttf */; };
		B18B19992A46976700309256 /* JosefinSans-ExtraLightItalic.ttf in Resources */ = {isa = PBXBuildFile; fileRef = B18B19792A46974200309256 /* JosefinSans-ExtraLightItalic.ttf */; };
		B18B199A2A46976700309256 /* JosefinSans-Italic.ttf in Resources */ = {isa = PBXBuildFile; fileRef = B18B19902A46974300309256 /* JosefinSans-Italic.ttf */; };
		B18B199B2A46976700309256 /* JosefinSans-Light.ttf in Resources */ = {isa = PBXBuildFile; fileRef = B18B197B2A46974200309256 /* JosefinSans-Light.ttf */; };
		B18B199C2A46976700309256 /* JosefinSans-LightItalic.ttf in Resources */ = {isa = PBXBuildFile; fileRef = B18B19822A46974300309256 /* JosefinSans-LightItalic.ttf */; };
		B18B199D2A46976700309256 /* JosefinSans-Medium.ttf in Resources */ = {isa = PBXBuildFile; fileRef = B18B19862A46974300309256 /* JosefinSans-Medium.ttf */; };
		B18B199E2A46976700309256 /* JosefinSans-MediumItalic.ttf in Resources */ = {isa = PBXBuildFile; fileRef = B18B19832A46974300309256 /* JosefinSans-MediumItalic.ttf */; };
		B18B199F2A46976700309256 /* JosefinSans-Regular.ttf in Resources */ = {isa = PBXBuildFile; fileRef = B18B19752A46974200309256 /* JosefinSans-Regular.ttf */; };
		B18B19A02A46976700309256 /* JosefinSans-SemiBold.ttf in Resources */ = {isa = PBXBuildFile; fileRef = B18B19772A46974200309256 /* JosefinSans-SemiBold.ttf */; };
		B18B19A12A46976700309256 /* JosefinSans-SemiBoldItalic.ttf in Resources */ = {isa = PBXBuildFile; fileRef = B18B19802A46974300309256 /* JosefinSans-SemiBoldItalic.ttf */; };
		B18B19A22A46976700309256 /* JosefinSans-Thin.ttf in Resources */ = {isa = PBXBuildFile; fileRef = B18B197E2A46974200309256 /* JosefinSans-Thin.ttf */; };
		B18B19A32A46976700309256 /* JosefinSans-ThinItalic.ttf in Resources */ = {isa = PBXBuildFile; fileRef = B18B198C2A46974300309256 /* JosefinSans-ThinItalic.ttf */; };
		B18B19A42A46976700309256 /* LexendDeca-Black.ttf in Resources */ = {isa = PBXBuildFile; fileRef = B18B19812A46974300309256 /* LexendDeca-Black.ttf */; };
		B18B19A52A46976700309256 /* LexendDeca-Bold.ttf in Resources */ = {isa = PBXBuildFile; fileRef = B18B197A2A46974200309256 /* LexendDeca-Bold.ttf */; };
		B18B19A62A46976700309256 /* LexendDeca-ExtraBold.ttf in Resources */ = {isa = PBXBuildFile; fileRef = B18B198D2A46974300309256 /* LexendDeca-ExtraBold.ttf */; };
		B18B19A72A46976700309256 /* LexendDeca-ExtraLight.ttf in Resources */ = {isa = PBXBuildFile; fileRef = B18B19852A46974300309256 /* LexendDeca-ExtraLight.ttf */; };
		B18B19A82A46976700309256 /* LexendDeca-Regular.ttf in Resources */ = {isa = PBXBuildFile; fileRef = B18B198B2A46974300309256 /* LexendDeca-Regular.ttf */; };
		B18B19A92A46977200309256 /* LexendDeca-Light.ttf in Resources */ = {isa = PBXBuildFile; fileRef = B18B19842A46974300309256 /* LexendDeca-Light.ttf */; };
		B18B19AA2A46977200309256 /* LexendDeca-Medium.ttf in Resources */ = {isa = PBXBuildFile; fileRef = B18B197F2A46974200309256 /* LexendDeca-Medium.ttf */; };
		B18B19AB2A46977200309256 /* LexendDeca-SemiBold.ttf in Resources */ = {isa = PBXBuildFile; fileRef = B18B19782A46974200309256 /* LexendDeca-SemiBold.ttf */; };
		B18B19AC2A46977200309256 /* LexendDeca-Thin.ttf in Resources */ = {isa = PBXBuildFile; fileRef = B18B19882A46974300309256 /* LexendDeca-Thin.ttf */; };
		B19B2AFF2A4E7D49006C9B44 /* CaptionTextField.swift in Sources */ = {isa = PBXBuildFile; fileRef = B19B2AFE2A4E7D49006C9B44 /* CaptionTextField.swift */; };
		B19EA15B2A60AEA7001B0658 /* PromptsPage.swift in Sources */ = {isa = PBXBuildFile; fileRef = B19EA15A2A60AEA7001B0658 /* PromptsPage.swift */; };
		B1B5D7DA2A57293C00E30064 /* tiger.mp4 in Resources */ = {isa = PBXBuildFile; fileRef = B1B5D7D92A57293C00E30064 /* tiger.mp4 */; };
		B1B5D7DE2A572B8100E30064 /* davo.mp4 in Resources */ = {isa = PBXBuildFile; fileRef = B1B5D7DD2A572B8100E30064 /* davo.mp4 */; };
		B1B5D7E02A572D7200E30064 /* me.jpeg in Resources */ = {isa = PBXBuildFile; fileRef = B1B5D7DF2A572D7200E30064 /* me.jpeg */; };
		B1B5D7E22A572D8E00E30064 /* hot.jpeg in Resources */ = {isa = PBXBuildFile; fileRef = B1B5D7E12A572D8E00E30064 /* hot.jpeg */; };
		B1B5D7E42A5730F000E30064 /* tyler.mov in Resources */ = {isa = PBXBuildFile; fileRef = B1B5D7E32A5730EF00E30064 /* tyler.mov */; };
		B1B5D7E62A57310B00E30064 /* stick.mov in Resources */ = {isa = PBXBuildFile; fileRef = B1B5D7E52A57310B00E30064 /* stick.mov */; };
		B1B5D7E82A57318800E30064 /* happen.mov in Resources */ = {isa = PBXBuildFile; fileRef = B1B5D7E72A57318800E30064 /* happen.mov */; };
		B1B5D7EA2A573F6400E30064 /* animal.jpeg in Resources */ = {isa = PBXBuildFile; fileRef = B1B5D7E92A573F6400E30064 /* animal.jpeg */; };
		B1B5EFC82A4F569A00FA79CE /* EditPosts.swift in Sources */ = {isa = PBXBuildFile; fileRef = B1B5EFC62A4F569A00FA79CE /* EditPosts.swift */; };
		B1B5EFC92A4F569A00FA79CE /* UserBio.swift in Sources */ = {isa = PBXBuildFile; fileRef = B1B5EFC72A4F569A00FA79CE /* UserBio.swift */; };
		B1B5EFCC2A4F56B000FA79CE /* ProfilePictureView.swift in Sources */ = {isa = PBXBuildFile; fileRef = B1B5EFCA2A4F56B000FA79CE /* ProfilePictureView.swift */; };
		B1B5EFCD2A4F56B000FA79CE /* LFButton.swift in Sources */ = {isa = PBXBuildFile; fileRef = B1B5EFCB2A4F56B000FA79CE /* LFButton.swift */; };
		B1B5EFD12A4F56C200FA79CE /* FormTextField.swift in Sources */ = {isa = PBXBuildFile; fileRef = B1B5EFCF2A4F56C200FA79CE /* FormTextField.swift */; };
		B1B5EFD72A4F56D700FA79CE /* FeedInfo.swift in Sources */ = {isa = PBXBuildFile; fileRef = B1B5EFD22A4F56D700FA79CE /* FeedInfo.swift */; };
		B1B5EFD82A4F56D700FA79CE /* UserProfile.swift in Sources */ = {isa = PBXBuildFile; fileRef = B1B5EFD32A4F56D700FA79CE /* UserProfile.swift */; };
		B1B5EFD92A4F56D700FA79CE /* UserProfilePic.swift in Sources */ = {isa = PBXBuildFile; fileRef = B1B5EFD42A4F56D700FA79CE /* UserProfilePic.swift */; };
		B1B5EFDA2A4F56D700FA79CE /* MapHotspots.swift in Sources */ = {isa = PBXBuildFile; fileRef = B1B5EFD52A4F56D700FA79CE /* MapHotspots.swift */; };
		B1B5EFDB2A4F56D700FA79CE /* PostAttributes.swift in Sources */ = {isa = PBXBuildFile; fileRef = B1B5EFD62A4F56D700FA79CE /* PostAttributes.swift */; };
		B1B5EFDE2A4F56E900FA79CE /* NavigationBar.swift in Sources */ = {isa = PBXBuildFile; fileRef = B1B5EFDC2A4F56E900FA79CE /* NavigationBar.swift */; };
		B1B5EFDF2A4F56E900FA79CE /* NavBar.swift in Sources */ = {isa = PBXBuildFile; fileRef = B1B5EFDD2A4F56E900FA79CE /* NavBar.swift */; };
		B1B6CCAF2A41129F001C6A50 /* SearchPage.swift in Sources */ = {isa = PBXBuildFile; fileRef = B1B6CCAE2A41129F001C6A50 /* SearchPage.swift */; };
		B1B6CCB12A4114A1001C6A50 /* MapPage.swift in Sources */ = {isa = PBXBuildFile; fileRef = B1B6CCB02A4114A1001C6A50 /* MapPage.swift */; };
		B1B71FCA2A48EFE900C54090 /* UserInfo.swift in Sources */ = {isa = PBXBuildFile; fileRef = B1B71FC92A48EFE900C54090 /* UserInfo.swift */; };
		B1C7D77C2A5CC63E00ACA02A /* NumberAuth.swift in Sources */ = {isa = PBXBuildFile; fileRef = B1C7D77B2A5CC63E00ACA02A /* NumberAuth.swift */; };
		B1CAD04B2A57D7B800BA5554 /* cute.jpeg in Resources */ = {isa = PBXBuildFile; fileRef = B1CAD04A2A57D7B800BA5554 /* cute.jpeg */; };
		B1CAD04D2A57D83B00BA5554 /* blonde.jpeg in Resources */ = {isa = PBXBuildFile; fileRef = B1CAD04C2A57D83B00BA5554 /* blonde.jpeg */; };
		B1EDD2B12A5915CE0096F335 /* talkin.mov in Resources */ = {isa = PBXBuildFile; fileRef = B1EDD2AE2A5915CE0096F335 /* talkin.mov */; };
		B1EDD2B32A5915CE0096F335 /* gunna.mov in Resources */ = {isa = PBXBuildFile; fileRef = B1EDD2B02A5915CE0096F335 /* gunna.mov */; };
		B1EF99892A4289540001E8CC /* CameraPage.swift in Sources */ = {isa = PBXBuildFile; fileRef = B1EF99882A4289540001E8CC /* CameraPage.swift */; };
		B1F6B5412A5F74140037D857 /* GoogleViewController.swift in Sources */ = {isa = PBXBuildFile; fileRef = B1F6B5402A5F74140037D857 /* GoogleViewController.swift */; };
		B1FCB34B2A5A4801002241C5 /* CommentsPage.swift in Sources */ = {isa = PBXBuildFile; fileRef = B1FCB34A2A5A4801002241C5 /* CommentsPage.swift */; };
		E2163E492A660AA8005A20BE /* collections.swift in Sources */ = {isa = PBXBuildFile; fileRef = E2163E482A660AA8005A20BE /* collections.swift */; };
		E2163E4C2A6633D2005A20BE /* authFunctions.swift in Sources */ = {isa = PBXBuildFile; fileRef = E2163E4B2A6633D2005A20BE /* authFunctions.swift */; };
		E2163E4E2A663501005A20BE /* schools.swift in Sources */ = {isa = PBXBuildFile; fileRef = E2163E4D2A663501005A20BE /* schools.swift */; };
		E2163E522A663C4D005A20BE /* users.swift in Sources */ = {isa = PBXBuildFile; fileRef = E2163E512A663C4D005A20BE /* users.swift */; };
		E2163E542A663DE5005A20BE /* content.swift in Sources */ = {isa = PBXBuildFile; fileRef = E2163E532A663DE5005A20BE /* content.swift */; };
		E2434C4D2A5A412C000A70DB /* GradientBackground.swift in Sources */ = {isa = PBXBuildFile; fileRef = E2434C4C2A5A412C000A70DB /* GradientBackground.swift */; };
		E272A0142A5BA192008D2D78 /* GoogleService-Info.plist in Resources */ = {isa = PBXBuildFile; fileRef = E272A0132A5BA192008D2D78 /* GoogleService-Info.plist */; };
		E272A0152A5BA1B8008D2D78 /* GoogleService-Info.plist in Resources */ = {isa = PBXBuildFile; fileRef = E272A0132A5BA192008D2D78 /* GoogleService-Info.plist */; };
		E272A0162A5BA1B9008D2D78 /* GoogleService-Info.plist in Resources */ = {isa = PBXBuildFile; fileRef = E272A0132A5BA192008D2D78 /* GoogleService-Info.plist */; };
		E272A0192A5BA36B008D2D78 /* FirebaseAnalytics in Frameworks */ = {isa = PBXBuildFile; productRef = E272A0182A5BA36B008D2D78 /* FirebaseAnalytics */; };
		E272A01B2A5BA36B008D2D78 /* FirebaseAuth in Frameworks */ = {isa = PBXBuildFile; productRef = E272A01A2A5BA36B008D2D78 /* FirebaseAuth */; };
		E272A01D2A5BA36B008D2D78 /* FirebaseDatabase in Frameworks */ = {isa = PBXBuildFile; productRef = E272A01C2A5BA36B008D2D78 /* FirebaseDatabase */; };
		E272A01F2A5BA36B008D2D78 /* FirebaseFirestore in Frameworks */ = {isa = PBXBuildFile; productRef = E272A01E2A5BA36B008D2D78 /* FirebaseFirestore */; };
		E272A0212A5BA36B008D2D78 /* FirebaseFunctions in Frameworks */ = {isa = PBXBuildFile; productRef = E272A0202A5BA36B008D2D78 /* FirebaseFunctions */; };
		E272A0232A5BA36B008D2D78 /* FirebaseMessaging in Frameworks */ = {isa = PBXBuildFile; productRef = E272A0222A5BA36B008D2D78 /* FirebaseMessaging */; };
		E272A0252A5BA36B008D2D78 /* FirebaseStorage in Frameworks */ = {isa = PBXBuildFile; productRef = E272A0242A5BA36B008D2D78 /* FirebaseStorage */; };
		E272A0272A5BA36B008D2D78 /* FirebaseStorageCombine-Community in Frameworks */ = {isa = PBXBuildFile; productRef = E272A0262A5BA36B008D2D78 /* FirebaseStorageCombine-Community */; };
		E280A9E32A4FCF5D00410B34 /* Notification.swift in Sources */ = {isa = PBXBuildFile; fileRef = E280A9E22A4FCF5D00410B34 /* Notification.swift */; };
		E280A9E52A4FD3FB00410B34 /* NotificationsPage.swift in Sources */ = {isa = PBXBuildFile; fileRef = E280A9E42A4FD3FB00410B34 /* NotificationsPage.swift */; };
		E280A9E82A4FDEA500410B34 /* SlidingTabView in Frameworks */ = {isa = PBXBuildFile; productRef = E280A9E72A4FDEA500410B34 /* SlidingTabView */; };
		E280A9EA2A4FDEEA00410B34 /* TentTabView.swift in Sources */ = {isa = PBXBuildFile; fileRef = E280A9E92A4FDEEA00410B34 /* TentTabView.swift */; };
		E28D3A5A2A3E4C1000B1EEE9 /* LaunchScreen.swift in Sources */ = {isa = PBXBuildFile; fileRef = E28D3A592A3E4C1000B1EEE9 /* LaunchScreen.swift */; };
		E28D3A5C2A3E917900B1EEE9 /* AccountSetUp.swift in Sources */ = {isa = PBXBuildFile; fileRef = E28D3A5B2A3E917900B1EEE9 /* AccountSetUp.swift */; };
		E28D3A652A3EB52400B1EEE9 /* colors.swift in Sources */ = {isa = PBXBuildFile; fileRef = E28D3A642A3EB52400B1EEE9 /* colors.swift */; };
		E28D3A672A3FFA3400B1EEE9 /* EnterEmail.swift in Sources */ = {isa = PBXBuildFile; fileRef = E28D3A662A3FFA3400B1EEE9 /* EnterEmail.swift */; };
		E28D3A692A3FFC7600B1EEE9 /* VerifyEmail.swift in Sources */ = {isa = PBXBuildFile; fileRef = E28D3A682A3FFC7600B1EEE9 /* VerifyEmail.swift */; };
		E28D3A6B2A400A8100B1EEE9 /* CreateUsername.swift in Sources */ = {isa = PBXBuildFile; fileRef = E28D3A6A2A400A8100B1EEE9 /* CreateUsername.swift */; };
		E29095DB2A3E473E001BEDDE /* campfire_mobileApp.swift in Sources */ = {isa = PBXBuildFile; fileRef = E29095DA2A3E473E001BEDDE /* campfire_mobileApp.swift */; };
		E29095DD2A3E473E001BEDDE /* ContentView.swift in Sources */ = {isa = PBXBuildFile; fileRef = E29095DC2A3E473E001BEDDE /* ContentView.swift */; };
		E29095DF2A3E4741001BEDDE /* Assets.xcassets in Resources */ = {isa = PBXBuildFile; fileRef = E29095DE2A3E4741001BEDDE /* Assets.xcassets */; };
		E29095E22A3E4741001BEDDE /* Preview Assets.xcassets in Resources */ = {isa = PBXBuildFile; fileRef = E29095E12A3E4741001BEDDE /* Preview Assets.xcassets */; };
		E29095E42A3E4741001BEDDE /* Persistence.swift in Sources */ = {isa = PBXBuildFile; fileRef = E29095E32A3E4741001BEDDE /* Persistence.swift */; };
		E29095E72A3E4741001BEDDE /* campfire_mobile.xcdatamodeld in Sources */ = {isa = PBXBuildFile; fileRef = E29095E52A3E4741001BEDDE /* campfire_mobile.xcdatamodeld */; };
		E29095F12A3E4741001BEDDE /* campfire_mobileTests.swift in Sources */ = {isa = PBXBuildFile; fileRef = E29095F02A3E4741001BEDDE /* campfire_mobileTests.swift */; };
		E29095FB2A3E4741001BEDDE /* campfire_mobileUITests.swift in Sources */ = {isa = PBXBuildFile; fileRef = E29095FA2A3E4741001BEDDE /* campfire_mobileUITests.swift */; };
		E29095FD2A3E4741001BEDDE /* campfire_mobileUITestsLaunchTests.swift in Sources */ = {isa = PBXBuildFile; fileRef = E29095FC2A3E4741001BEDDE /* campfire_mobileUITestsLaunchTests.swift */; };
		E2BDE6AB2A5E38770012D328 /* GoogleSignIn in Frameworks */ = {isa = PBXBuildFile; productRef = E2BDE6AA2A5E38770012D328 /* GoogleSignIn */; };
		E2BDE6AD2A5E38770012D328 /* GoogleSignInSwift in Frameworks */ = {isa = PBXBuildFile; productRef = E2BDE6AC2A5E38770012D328 /* GoogleSignInSwift */; };
		E2C446832A4E62B50032CF34 /* CustomTopNavBar.swift in Sources */ = {isa = PBXBuildFile; fileRef = E2C446822A4E62B50032CF34 /* CustomTopNavBar.swift */; };
		E2C446852A4E6DFC0032CF34 /* TopNavBarContainer.swift in Sources */ = {isa = PBXBuildFile; fileRef = E2C446842A4E6DFC0032CF34 /* TopNavBarContainer.swift */; };
		E2C446872A4E82C20032CF34 /* TopNavBar.swift in Sources */ = {isa = PBXBuildFile; fileRef = E2C446862A4E82C20032CF34 /* TopNavBar.swift */; };
		E2CBD5E42A6211D2000F3547 /* utilities.swift in Sources */ = {isa = PBXBuildFile; fileRef = E2CBD5E32A6211D2000F3547 /* utilities.swift */; };
		E2CBD5E72A6216E1000F3547 /* AuthenticationManager.swift in Sources */ = {isa = PBXBuildFile; fileRef = E2CBD5E62A6216E1000F3547 /* AuthenticationManager.swift */; };
		E2CBD5E92A633EBC000F3547 /* SignInGoogleHelper.swift in Sources */ = {isa = PBXBuildFile; fileRef = E2CBD5E82A633EBC000F3547 /* SignInGoogleHelper.swift */; };
		E2E342612A5B3B110027D72F /* AuthModel.swift in Sources */ = {isa = PBXBuildFile; fileRef = E2E342602A5B3B110027D72F /* AuthModel.swift */; };
		E2E355442A58F6A300EE16C6 /* BackButton.swift in Sources */ = {isa = PBXBuildFile; fileRef = E2E355432A58F6A300EE16C6 /* BackButton.swift */; };
		F81E80542A5F5A6100E73548 /* VidOrImagePicker.swift in Sources */ = {isa = PBXBuildFile; fileRef = F81E80532A5F5A6100E73548 /* VidOrImagePicker.swift */; };
		F82C10AA2A42A74200864FBD /* TheFeed.swift in Sources */ = {isa = PBXBuildFile; fileRef = F82C10A92A42A74200864FBD /* TheFeed.swift */; };
		F83416402A40E6A500803D32 /* SetProfilePic.swift in Sources */ = {isa = PBXBuildFile; fileRef = F834163F2A40E6A500803D32 /* SetProfilePic.swift */; };
		F83B0EB22A4D2CBE00F98CFA /* CamPostPage.swift in Sources */ = {isa = PBXBuildFile; fileRef = F83B0EB12A4D2CBE00F98CFA /* CamPostPage.swift */; };
		F83B0EB42A4D2CF600F98CFA /* FriendsPage.swift in Sources */ = {isa = PBXBuildFile; fileRef = F83B0EB32A4D2CF600F98CFA /* FriendsPage.swift */; };
		F83B0EB62A4D2D1900F98CFA /* HotspotsFeedPage.swift in Sources */ = {isa = PBXBuildFile; fileRef = F83B0EB52A4D2D1900F98CFA /* HotspotsFeedPage.swift */; };
		F85F03962A3F93FC000DCBEF /* EnterPhoneNumber.swift in Sources */ = {isa = PBXBuildFile; fileRef = F85F03952A3F93FC000DCBEF /* EnterPhoneNumber.swift */; };
		F85F03982A3F9A89000DCBEF /* VerifyNumber.swift in Sources */ = {isa = PBXBuildFile; fileRef = F85F03972A3F9A89000DCBEF /* VerifyNumber.swift */; };
		F85F039A2A3F9BC9000DCBEF /* EmailOrNumber.swift in Sources */ = {isa = PBXBuildFile; fileRef = F85F03992A3F9BC9000DCBEF /* EmailOrNumber.swift */; };
		F86695162A40F78300D9471C /* ProfilePage.swift in Sources */ = {isa = PBXBuildFile; fileRef = F86695152A40F78300D9471C /* ProfilePage.swift */; };
		F86D83A62A4BC37900223F9A /* prompts.swift in Sources */ = {isa = PBXBuildFile; fileRef = F86D83A52A4BC37900223F9A /* prompts.swift */; };
		F86D83A82A4BC54100223F9A /* EditProfile.swift in Sources */ = {isa = PBXBuildFile; fileRef = F86D83A72A4BC54100223F9A /* EditProfile.swift */; };
		F89402132A5E64F30049410E /* FriendsListView.swift in Sources */ = {isa = PBXBuildFile; fileRef = F89402122A5E64F30049410E /* FriendsListView.swift */; };
		F89402152A5E68480049410E /* SearchListView.swift in Sources */ = {isa = PBXBuildFile; fileRef = F89402142A5E68480049410E /* SearchListView.swift */; };
		F89402192A5E6A150049410E /* RequestsListView.swift in Sources */ = {isa = PBXBuildFile; fileRef = F89402182A5E6A150049410E /* RequestsListView.swift */; };
		F8950DC62A48002800C13075 /* adarsh.mp4 in Resources */ = {isa = PBXBuildFile; fileRef = F8950DC52A48002800C13075 /* adarsh.mp4 */; };
		F8950DC82A48003B00C13075 /* david.mp4 in Resources */ = {isa = PBXBuildFile; fileRef = F8950DC72A48003B00C13075 /* david.mp4 */; };
		F8950DCA2A48008A00C13075 /* Vid.swift in Sources */ = {isa = PBXBuildFile; fileRef = F8950DC92A48008A00C13075 /* Vid.swift */; };
		F8950DCC2A4800BF00C13075 /* CustomVideoPlayer.swift in Sources */ = {isa = PBXBuildFile; fileRef = F8950DCB2A4800BF00C13075 /* CustomVideoPlayer.swift */; };
		F8A371D52A4BEA660076F1C1 /* EditFieldPage.swift in Sources */ = {isa = PBXBuildFile; fileRef = F8A371D42A4BEA660076F1C1 /* EditFieldPage.swift */; };
		F8A371D92A4BEE4B0076F1C1 /* EditPost.swift in Sources */ = {isa = PBXBuildFile; fileRef = F8A371D82A4BEE4B0076F1C1 /* EditPost.swift */; };
		F8B2C5182A5E6D3A00E11503 /* testUsers.swift in Sources */ = {isa = PBXBuildFile; fileRef = F8B2C5172A5E6D3A00E11503 /* testUsers.swift */; };
		F8C7910C2A4E7EFF00FF21A6 /* FileTypeFunc.swift in Sources */ = {isa = PBXBuildFile; fileRef = F8C7910B2A4E7EFF00FF21A6 /* FileTypeFunc.swift */; };
		F8EC24202A5C89AD0010D46E /* ImagePicker.swift in Sources */ = {isa = PBXBuildFile; fileRef = F8EC241F2A5C89AD0010D46E /* ImagePicker.swift */; };
/* End PBXBuildFile section */

/* Begin PBXContainerItemProxy section */
		E29095ED2A3E4741001BEDDE /* PBXContainerItemProxy */ = {
			isa = PBXContainerItemProxy;
			containerPortal = E29095CF2A3E473E001BEDDE /* Project object */;
			proxyType = 1;
			remoteGlobalIDString = E29095D62A3E473E001BEDDE;
			remoteInfo = "campfire-mobile";
		};
		E29095F72A3E4741001BEDDE /* PBXContainerItemProxy */ = {
			isa = PBXContainerItemProxy;
			containerPortal = E29095CF2A3E473E001BEDDE /* Project object */;
			proxyType = 1;
			remoteGlobalIDString = E29095D62A3E473E001BEDDE;
			remoteInfo = "campfire-mobile";
		};
/* End PBXContainerItemProxy section */

/* Begin PBXFileReference section */
		B140DB692A53C6EC002FFA65 /* RequestsPage.swift */ = {isa = PBXFileReference; lastKnownFileType = sourcecode.swift; path = RequestsPage.swift; sourceTree = "<group>"; };
		B14AF3442A5CE64800BDE1A4 /* CommentView.swift */ = {isa = PBXFileReference; lastKnownFileType = sourcecode.swift; path = CommentView.swift; sourceTree = "<group>"; };
		B14D3A002A5B8AFA00056EAA /* sofrat.mov */ = {isa = PBXFileReference; lastKnownFileType = video.quicktime; path = sofrat.mov; sourceTree = "<group>"; };
		B1562CDE2A5E501B00E8C5FD /* ReplyView.swift */ = {isa = PBXFileReference; lastKnownFileType = sourcecode.swift; path = ReplyView.swift; sourceTree = "<group>"; };
		B164A9F02A5B729F0033586F /* CommentTextField.swift */ = {isa = PBXFileReference; lastKnownFileType = sourcecode.swift; path = CommentTextField.swift; sourceTree = "<group>"; };
		B164A9F22A5B89150033586F /* InitialMessage.swift */ = {isa = PBXFileReference; lastKnownFileType = sourcecode.swift; path = InitialMessage.swift; sourceTree = "<group>"; };
		B18B19712A46059700309256 /* SettingsPage.swift */ = {isa = PBXFileReference; lastKnownFileType = sourcecode.swift; path = SettingsPage.swift; sourceTree = "<group>"; };
		B18B19732A4613A200309256 /* LeaderboardPage.swift */ = {isa = PBXFileReference; lastKnownFileType = sourcecode.swift; path = LeaderboardPage.swift; sourceTree = "<group>"; };
		B18B19752A46974200309256 /* JosefinSans-Regular.ttf */ = {isa = PBXFileReference; lastKnownFileType = file; path = "JosefinSans-Regular.ttf"; sourceTree = "<group>"; };
		B18B19762A46974200309256 /* JosefinSans-BoldItalic.ttf */ = {isa = PBXFileReference; lastKnownFileType = file; path = "JosefinSans-BoldItalic.ttf"; sourceTree = "<group>"; };
		B18B19772A46974200309256 /* JosefinSans-SemiBold.ttf */ = {isa = PBXFileReference; lastKnownFileType = file; path = "JosefinSans-SemiBold.ttf"; sourceTree = "<group>"; };
		B18B19782A46974200309256 /* LexendDeca-SemiBold.ttf */ = {isa = PBXFileReference; lastKnownFileType = file; path = "LexendDeca-SemiBold.ttf"; sourceTree = "<group>"; };
		B18B19792A46974200309256 /* JosefinSans-ExtraLightItalic.ttf */ = {isa = PBXFileReference; lastKnownFileType = file; path = "JosefinSans-ExtraLightItalic.ttf"; sourceTree = "<group>"; };
		B18B197A2A46974200309256 /* LexendDeca-Bold.ttf */ = {isa = PBXFileReference; lastKnownFileType = file; path = "LexendDeca-Bold.ttf"; sourceTree = "<group>"; };
		B18B197B2A46974200309256 /* JosefinSans-Light.ttf */ = {isa = PBXFileReference; lastKnownFileType = file; path = "JosefinSans-Light.ttf"; sourceTree = "<group>"; };
		B18B197C2A46974200309256 /* JosefinSans-Bold.ttf */ = {isa = PBXFileReference; lastKnownFileType = file; path = "JosefinSans-Bold.ttf"; sourceTree = "<group>"; };
		B18B197D2A46974200309256 /* Comfortaa-Regular.ttf */ = {isa = PBXFileReference; lastKnownFileType = file; path = "Comfortaa-Regular.ttf"; sourceTree = "<group>"; };
		B18B197E2A46974200309256 /* JosefinSans-Thin.ttf */ = {isa = PBXFileReference; lastKnownFileType = file; path = "JosefinSans-Thin.ttf"; sourceTree = "<group>"; };
		B18B197F2A46974200309256 /* LexendDeca-Medium.ttf */ = {isa = PBXFileReference; lastKnownFileType = file; path = "LexendDeca-Medium.ttf"; sourceTree = "<group>"; };
		B18B19802A46974300309256 /* JosefinSans-SemiBoldItalic.ttf */ = {isa = PBXFileReference; lastKnownFileType = file; path = "JosefinSans-SemiBoldItalic.ttf"; sourceTree = "<group>"; };
		B18B19812A46974300309256 /* LexendDeca-Black.ttf */ = {isa = PBXFileReference; lastKnownFileType = file; path = "LexendDeca-Black.ttf"; sourceTree = "<group>"; };
		B18B19822A46974300309256 /* JosefinSans-LightItalic.ttf */ = {isa = PBXFileReference; lastKnownFileType = file; path = "JosefinSans-LightItalic.ttf"; sourceTree = "<group>"; };
		B18B19832A46974300309256 /* JosefinSans-MediumItalic.ttf */ = {isa = PBXFileReference; lastKnownFileType = file; path = "JosefinSans-MediumItalic.ttf"; sourceTree = "<group>"; };
		B18B19842A46974300309256 /* LexendDeca-Light.ttf */ = {isa = PBXFileReference; lastKnownFileType = file; path = "LexendDeca-Light.ttf"; sourceTree = "<group>"; };
		B18B19852A46974300309256 /* LexendDeca-ExtraLight.ttf */ = {isa = PBXFileReference; lastKnownFileType = file; path = "LexendDeca-ExtraLight.ttf"; sourceTree = "<group>"; };
		B18B19862A46974300309256 /* JosefinSans-Medium.ttf */ = {isa = PBXFileReference; lastKnownFileType = file; path = "JosefinSans-Medium.ttf"; sourceTree = "<group>"; };
		B18B19872A46974300309256 /* Comfortaa-Medium.ttf */ = {isa = PBXFileReference; lastKnownFileType = file; path = "Comfortaa-Medium.ttf"; sourceTree = "<group>"; };
		B18B19882A46974300309256 /* LexendDeca-Thin.ttf */ = {isa = PBXFileReference; lastKnownFileType = file; path = "LexendDeca-Thin.ttf"; sourceTree = "<group>"; };
		B18B19892A46974300309256 /* Comfortaa-Light.ttf */ = {isa = PBXFileReference; lastKnownFileType = file; path = "Comfortaa-Light.ttf"; sourceTree = "<group>"; };
		B18B198A2A46974300309256 /* Comfortaa-Bold.ttf */ = {isa = PBXFileReference; lastKnownFileType = file; path = "Comfortaa-Bold.ttf"; sourceTree = "<group>"; };
		B18B198B2A46974300309256 /* LexendDeca-Regular.ttf */ = {isa = PBXFileReference; lastKnownFileType = file; path = "LexendDeca-Regular.ttf"; sourceTree = "<group>"; };
		B18B198C2A46974300309256 /* JosefinSans-ThinItalic.ttf */ = {isa = PBXFileReference; lastKnownFileType = file; path = "JosefinSans-ThinItalic.ttf"; sourceTree = "<group>"; };
		B18B198D2A46974300309256 /* LexendDeca-ExtraBold.ttf */ = {isa = PBXFileReference; lastKnownFileType = file; path = "LexendDeca-ExtraBold.ttf"; sourceTree = "<group>"; };
		B18B198E2A46974300309256 /* Comfortaa-SemiBold.ttf */ = {isa = PBXFileReference; lastKnownFileType = file; path = "Comfortaa-SemiBold.ttf"; sourceTree = "<group>"; };
		B18B198F2A46974300309256 /* JosefinSans-ExtraLight.ttf */ = {isa = PBXFileReference; lastKnownFileType = file; path = "JosefinSans-ExtraLight.ttf"; sourceTree = "<group>"; };
		B18B19902A46974300309256 /* JosefinSans-Italic.ttf */ = {isa = PBXFileReference; lastKnownFileType = file; path = "JosefinSans-Italic.ttf"; sourceTree = "<group>"; };
		B19B2AFE2A4E7D49006C9B44 /* CaptionTextField.swift */ = {isa = PBXFileReference; lastKnownFileType = sourcecode.swift; path = CaptionTextField.swift; sourceTree = "<group>"; };
		B19EA15A2A60AEA7001B0658 /* PromptsPage.swift */ = {isa = PBXFileReference; lastKnownFileType = sourcecode.swift; path = PromptsPage.swift; sourceTree = "<group>"; };
		B1B5D7D92A57293C00E30064 /* tiger.mp4 */ = {isa = PBXFileReference; lastKnownFileType = file; path = tiger.mp4; sourceTree = "<group>"; };
		B1B5D7DD2A572B8100E30064 /* davo.mp4 */ = {isa = PBXFileReference; lastKnownFileType = file; path = davo.mp4; sourceTree = "<group>"; };
		B1B5D7DF2A572D7200E30064 /* me.jpeg */ = {isa = PBXFileReference; lastKnownFileType = image.jpeg; path = me.jpeg; sourceTree = "<group>"; };
		B1B5D7E12A572D8E00E30064 /* hot.jpeg */ = {isa = PBXFileReference; lastKnownFileType = image.jpeg; path = hot.jpeg; sourceTree = "<group>"; };
		B1B5D7E32A5730EF00E30064 /* tyler.mov */ = {isa = PBXFileReference; lastKnownFileType = video.quicktime; path = tyler.mov; sourceTree = "<group>"; };
		B1B5D7E52A57310B00E30064 /* stick.mov */ = {isa = PBXFileReference; lastKnownFileType = video.quicktime; path = stick.mov; sourceTree = "<group>"; };
		B1B5D7E72A57318800E30064 /* happen.mov */ = {isa = PBXFileReference; lastKnownFileType = video.quicktime; path = happen.mov; sourceTree = "<group>"; };
		B1B5D7E92A573F6400E30064 /* animal.jpeg */ = {isa = PBXFileReference; lastKnownFileType = image.jpeg; path = animal.jpeg; sourceTree = "<group>"; };
		B1B5EFC62A4F569A00FA79CE /* EditPosts.swift */ = {isa = PBXFileReference; fileEncoding = 4; lastKnownFileType = sourcecode.swift; path = EditPosts.swift; sourceTree = "<group>"; };
		B1B5EFC72A4F569A00FA79CE /* UserBio.swift */ = {isa = PBXFileReference; fileEncoding = 4; lastKnownFileType = sourcecode.swift; path = UserBio.swift; sourceTree = "<group>"; };
		B1B5EFCA2A4F56B000FA79CE /* ProfilePictureView.swift */ = {isa = PBXFileReference; fileEncoding = 4; lastKnownFileType = sourcecode.swift; path = ProfilePictureView.swift; sourceTree = "<group>"; };
		B1B5EFCB2A4F56B000FA79CE /* LFButton.swift */ = {isa = PBXFileReference; fileEncoding = 4; lastKnownFileType = sourcecode.swift; path = LFButton.swift; sourceTree = "<group>"; };
		B1B5EFCF2A4F56C200FA79CE /* FormTextField.swift */ = {isa = PBXFileReference; fileEncoding = 4; lastKnownFileType = sourcecode.swift; path = FormTextField.swift; sourceTree = "<group>"; };
		B1B5EFD22A4F56D700FA79CE /* FeedInfo.swift */ = {isa = PBXFileReference; fileEncoding = 4; lastKnownFileType = sourcecode.swift; path = FeedInfo.swift; sourceTree = "<group>"; };
		B1B5EFD32A4F56D700FA79CE /* UserProfile.swift */ = {isa = PBXFileReference; fileEncoding = 4; lastKnownFileType = sourcecode.swift; path = UserProfile.swift; sourceTree = "<group>"; };
		B1B5EFD42A4F56D700FA79CE /* UserProfilePic.swift */ = {isa = PBXFileReference; fileEncoding = 4; lastKnownFileType = sourcecode.swift; path = UserProfilePic.swift; sourceTree = "<group>"; };
		B1B5EFD52A4F56D700FA79CE /* MapHotspots.swift */ = {isa = PBXFileReference; fileEncoding = 4; lastKnownFileType = sourcecode.swift; path = MapHotspots.swift; sourceTree = "<group>"; };
		B1B5EFD62A4F56D700FA79CE /* PostAttributes.swift */ = {isa = PBXFileReference; fileEncoding = 4; lastKnownFileType = sourcecode.swift; path = PostAttributes.swift; sourceTree = "<group>"; };
		B1B5EFDC2A4F56E900FA79CE /* NavigationBar.swift */ = {isa = PBXFileReference; fileEncoding = 4; lastKnownFileType = sourcecode.swift; path = NavigationBar.swift; sourceTree = "<group>"; };
		B1B5EFDD2A4F56E900FA79CE /* NavBar.swift */ = {isa = PBXFileReference; fileEncoding = 4; lastKnownFileType = sourcecode.swift; path = NavBar.swift; sourceTree = "<group>"; };
		B1B6CCAE2A41129F001C6A50 /* SearchPage.swift */ = {isa = PBXFileReference; lastKnownFileType = sourcecode.swift; path = SearchPage.swift; sourceTree = "<group>"; };
		B1B6CCB02A4114A1001C6A50 /* MapPage.swift */ = {isa = PBXFileReference; lastKnownFileType = sourcecode.swift; path = MapPage.swift; sourceTree = "<group>"; };
		B1B71FC92A48EFE900C54090 /* UserInfo.swift */ = {isa = PBXFileReference; lastKnownFileType = sourcecode.swift; path = UserInfo.swift; sourceTree = "<group>"; };
		B1C7D77B2A5CC63E00ACA02A /* NumberAuth.swift */ = {isa = PBXFileReference; lastKnownFileType = sourcecode.swift; path = NumberAuth.swift; sourceTree = "<group>"; };
		B1CAD04A2A57D7B800BA5554 /* cute.jpeg */ = {isa = PBXFileReference; lastKnownFileType = image.jpeg; path = cute.jpeg; sourceTree = "<group>"; };
		B1CAD04C2A57D83B00BA5554 /* blonde.jpeg */ = {isa = PBXFileReference; lastKnownFileType = image.jpeg; path = blonde.jpeg; sourceTree = "<group>"; };
		B1EDD2AE2A5915CE0096F335 /* talkin.mov */ = {isa = PBXFileReference; lastKnownFileType = video.quicktime; path = talkin.mov; sourceTree = "<group>"; };
		B1EDD2B02A5915CE0096F335 /* gunna.mov */ = {isa = PBXFileReference; lastKnownFileType = video.quicktime; path = gunna.mov; sourceTree = "<group>"; };
		B1EF99882A4289540001E8CC /* CameraPage.swift */ = {isa = PBXFileReference; lastKnownFileType = sourcecode.swift; path = CameraPage.swift; sourceTree = "<group>"; };
		B1F6B5402A5F74140037D857 /* GoogleViewController.swift */ = {isa = PBXFileReference; lastKnownFileType = sourcecode.swift; path = GoogleViewController.swift; sourceTree = "<group>"; };
		B1FCB34A2A5A4801002241C5 /* CommentsPage.swift */ = {isa = PBXFileReference; lastKnownFileType = sourcecode.swift; path = CommentsPage.swift; sourceTree = "<group>"; };
		E2163E482A660AA8005A20BE /* collections.swift */ = {isa = PBXFileReference; lastKnownFileType = sourcecode.swift; path = collections.swift; sourceTree = "<group>"; };
		E2163E4B2A6633D2005A20BE /* authFunctions.swift */ = {isa = PBXFileReference; lastKnownFileType = sourcecode.swift; path = authFunctions.swift; sourceTree = "<group>"; };
		E2163E4D2A663501005A20BE /* schools.swift */ = {isa = PBXFileReference; lastKnownFileType = sourcecode.swift; path = schools.swift; sourceTree = "<group>"; };
		E2163E512A663C4D005A20BE /* users.swift */ = {isa = PBXFileReference; lastKnownFileType = sourcecode.swift; path = users.swift; sourceTree = "<group>"; };
		E2163E532A663DE5005A20BE /* content.swift */ = {isa = PBXFileReference; lastKnownFileType = sourcecode.swift; path = content.swift; sourceTree = "<group>"; };
		E2434C4C2A5A412C000A70DB /* GradientBackground.swift */ = {isa = PBXFileReference; lastKnownFileType = sourcecode.swift; path = GradientBackground.swift; sourceTree = "<group>"; };
		E272A0132A5BA192008D2D78 /* GoogleService-Info.plist */ = {isa = PBXFileReference; fileEncoding = 4; lastKnownFileType = text.plist.xml; path = "GoogleService-Info.plist"; sourceTree = "<group>"; };
		E280A9E22A4FCF5D00410B34 /* Notification.swift */ = {isa = PBXFileReference; lastKnownFileType = sourcecode.swift; path = Notification.swift; sourceTree = "<group>"; };
		E280A9E42A4FD3FB00410B34 /* NotificationsPage.swift */ = {isa = PBXFileReference; lastKnownFileType = sourcecode.swift; path = NotificationsPage.swift; sourceTree = "<group>"; };
		E280A9E92A4FDEEA00410B34 /* TentTabView.swift */ = {isa = PBXFileReference; lastKnownFileType = sourcecode.swift; path = TentTabView.swift; sourceTree = "<group>"; };
		E28D3A592A3E4C1000B1EEE9 /* LaunchScreen.swift */ = {isa = PBXFileReference; lastKnownFileType = sourcecode.swift; path = LaunchScreen.swift; sourceTree = "<group>"; };
		E28D3A5B2A3E917900B1EEE9 /* AccountSetUp.swift */ = {isa = PBXFileReference; lastKnownFileType = sourcecode.swift; path = AccountSetUp.swift; sourceTree = "<group>"; };
		E28D3A642A3EB52400B1EEE9 /* colors.swift */ = {isa = PBXFileReference; lastKnownFileType = sourcecode.swift; path = colors.swift; sourceTree = "<group>"; };
		E28D3A662A3FFA3400B1EEE9 /* EnterEmail.swift */ = {isa = PBXFileReference; lastKnownFileType = sourcecode.swift; path = EnterEmail.swift; sourceTree = "<group>"; };
		E28D3A682A3FFC7600B1EEE9 /* VerifyEmail.swift */ = {isa = PBXFileReference; lastKnownFileType = sourcecode.swift; path = VerifyEmail.swift; sourceTree = "<group>"; };
		E28D3A6A2A400A8100B1EEE9 /* CreateUsername.swift */ = {isa = PBXFileReference; lastKnownFileType = sourcecode.swift; path = CreateUsername.swift; sourceTree = "<group>"; };
		E29095D72A3E473E001BEDDE /* campfire-mobile.app */ = {isa = PBXFileReference; explicitFileType = wrapper.application; includeInIndex = 0; path = "campfire-mobile.app"; sourceTree = BUILT_PRODUCTS_DIR; };
		E29095DA2A3E473E001BEDDE /* campfire_mobileApp.swift */ = {isa = PBXFileReference; lastKnownFileType = sourcecode.swift; path = campfire_mobileApp.swift; sourceTree = "<group>"; };
		E29095DC2A3E473E001BEDDE /* ContentView.swift */ = {isa = PBXFileReference; lastKnownFileType = sourcecode.swift; path = ContentView.swift; sourceTree = "<group>"; };
		E29095DE2A3E4741001BEDDE /* Assets.xcassets */ = {isa = PBXFileReference; lastKnownFileType = folder.assetcatalog; path = Assets.xcassets; sourceTree = "<group>"; };
		E29095E12A3E4741001BEDDE /* Preview Assets.xcassets */ = {isa = PBXFileReference; lastKnownFileType = folder.assetcatalog; path = "Preview Assets.xcassets"; sourceTree = "<group>"; };
		E29095E32A3E4741001BEDDE /* Persistence.swift */ = {isa = PBXFileReference; lastKnownFileType = sourcecode.swift; path = Persistence.swift; sourceTree = "<group>"; };
		E29095E62A3E4741001BEDDE /* campfire_mobile.xcdatamodel */ = {isa = PBXFileReference; lastKnownFileType = wrapper.xcdatamodel; path = campfire_mobile.xcdatamodel; sourceTree = "<group>"; };
		E29095EC2A3E4741001BEDDE /* campfire-mobileTests.xctest */ = {isa = PBXFileReference; explicitFileType = wrapper.cfbundle; includeInIndex = 0; path = "campfire-mobileTests.xctest"; sourceTree = BUILT_PRODUCTS_DIR; };
		E29095F02A3E4741001BEDDE /* campfire_mobileTests.swift */ = {isa = PBXFileReference; lastKnownFileType = sourcecode.swift; path = campfire_mobileTests.swift; sourceTree = "<group>"; };
		E29095F62A3E4741001BEDDE /* campfire-mobileUITests.xctest */ = {isa = PBXFileReference; explicitFileType = wrapper.cfbundle; includeInIndex = 0; path = "campfire-mobileUITests.xctest"; sourceTree = BUILT_PRODUCTS_DIR; };
		E29095FA2A3E4741001BEDDE /* campfire_mobileUITests.swift */ = {isa = PBXFileReference; lastKnownFileType = sourcecode.swift; path = campfire_mobileUITests.swift; sourceTree = "<group>"; };
		E29095FC2A3E4741001BEDDE /* campfire_mobileUITestsLaunchTests.swift */ = {isa = PBXFileReference; lastKnownFileType = sourcecode.swift; path = campfire_mobileUITestsLaunchTests.swift; sourceTree = "<group>"; };
		E2C446822A4E62B50032CF34 /* CustomTopNavBar.swift */ = {isa = PBXFileReference; lastKnownFileType = sourcecode.swift; path = CustomTopNavBar.swift; sourceTree = "<group>"; };
		E2C446842A4E6DFC0032CF34 /* TopNavBarContainer.swift */ = {isa = PBXFileReference; lastKnownFileType = sourcecode.swift; path = TopNavBarContainer.swift; sourceTree = "<group>"; };
		E2C446862A4E82C20032CF34 /* TopNavBar.swift */ = {isa = PBXFileReference; lastKnownFileType = sourcecode.swift; path = TopNavBar.swift; sourceTree = "<group>"; };
		E2CBD5E32A6211D2000F3547 /* utilities.swift */ = {isa = PBXFileReference; lastKnownFileType = sourcecode.swift; path = utilities.swift; sourceTree = "<group>"; };
		E2CBD5E62A6216E1000F3547 /* AuthenticationManager.swift */ = {isa = PBXFileReference; lastKnownFileType = sourcecode.swift; path = AuthenticationManager.swift; sourceTree = "<group>"; };
		E2CBD5E82A633EBC000F3547 /* SignInGoogleHelper.swift */ = {isa = PBXFileReference; lastKnownFileType = sourcecode.swift; path = SignInGoogleHelper.swift; sourceTree = "<group>"; };
		E2E342602A5B3B110027D72F /* AuthModel.swift */ = {isa = PBXFileReference; lastKnownFileType = sourcecode.swift; path = AuthModel.swift; sourceTree = "<group>"; };
		E2E355432A58F6A300EE16C6 /* BackButton.swift */ = {isa = PBXFileReference; lastKnownFileType = sourcecode.swift; path = BackButton.swift; sourceTree = "<group>"; };
		E2E997B12A41459700EBBDD7 /* Info.plist */ = {isa = PBXFileReference; lastKnownFileType = text.plist; path = Info.plist; sourceTree = "<group>"; };
		F81E80532A5F5A6100E73548 /* VidOrImagePicker.swift */ = {isa = PBXFileReference; lastKnownFileType = sourcecode.swift; path = VidOrImagePicker.swift; sourceTree = "<group>"; };
		F82C10A92A42A74200864FBD /* TheFeed.swift */ = {isa = PBXFileReference; lastKnownFileType = sourcecode.swift; path = TheFeed.swift; sourceTree = "<group>"; };
		F834163F2A40E6A500803D32 /* SetProfilePic.swift */ = {isa = PBXFileReference; lastKnownFileType = sourcecode.swift; path = SetProfilePic.swift; sourceTree = "<group>"; };
		F83B0EB12A4D2CBE00F98CFA /* CamPostPage.swift */ = {isa = PBXFileReference; lastKnownFileType = sourcecode.swift; path = CamPostPage.swift; sourceTree = "<group>"; };
		F83B0EB32A4D2CF600F98CFA /* FriendsPage.swift */ = {isa = PBXFileReference; lastKnownFileType = sourcecode.swift; path = FriendsPage.swift; sourceTree = "<group>"; };
		F83B0EB52A4D2D1900F98CFA /* HotspotsFeedPage.swift */ = {isa = PBXFileReference; lastKnownFileType = sourcecode.swift; path = HotspotsFeedPage.swift; sourceTree = "<group>"; };
		F85F03952A3F93FC000DCBEF /* EnterPhoneNumber.swift */ = {isa = PBXFileReference; lastKnownFileType = sourcecode.swift; path = EnterPhoneNumber.swift; sourceTree = "<group>"; };
		F85F03972A3F9A89000DCBEF /* VerifyNumber.swift */ = {isa = PBXFileReference; lastKnownFileType = sourcecode.swift; path = VerifyNumber.swift; sourceTree = "<group>"; };
		F85F03992A3F9BC9000DCBEF /* EmailOrNumber.swift */ = {isa = PBXFileReference; lastKnownFileType = sourcecode.swift; path = EmailOrNumber.swift; sourceTree = "<group>"; };
		F86695152A40F78300D9471C /* ProfilePage.swift */ = {isa = PBXFileReference; lastKnownFileType = sourcecode.swift; path = ProfilePage.swift; sourceTree = "<group>"; };
		F86D83A52A4BC37900223F9A /* prompts.swift */ = {isa = PBXFileReference; lastKnownFileType = sourcecode.swift; path = prompts.swift; sourceTree = "<group>"; };
		F86D83A72A4BC54100223F9A /* EditProfile.swift */ = {isa = PBXFileReference; lastKnownFileType = sourcecode.swift; path = EditProfile.swift; sourceTree = "<group>"; };
		F89402122A5E64F30049410E /* FriendsListView.swift */ = {isa = PBXFileReference; lastKnownFileType = sourcecode.swift; path = FriendsListView.swift; sourceTree = "<group>"; };
		F89402142A5E68480049410E /* SearchListView.swift */ = {isa = PBXFileReference; lastKnownFileType = sourcecode.swift; path = SearchListView.swift; sourceTree = "<group>"; };
		F89402182A5E6A150049410E /* RequestsListView.swift */ = {isa = PBXFileReference; lastKnownFileType = sourcecode.swift; path = RequestsListView.swift; sourceTree = "<group>"; };
		F8950DC52A48002800C13075 /* adarsh.mp4 */ = {isa = PBXFileReference; lastKnownFileType = file; path = adarsh.mp4; sourceTree = "<group>"; };
		F8950DC72A48003B00C13075 /* david.mp4 */ = {isa = PBXFileReference; lastKnownFileType = file; path = david.mp4; sourceTree = "<group>"; };
		F8950DC92A48008A00C13075 /* Vid.swift */ = {isa = PBXFileReference; lastKnownFileType = sourcecode.swift; path = Vid.swift; sourceTree = "<group>"; };
		F8950DCB2A4800BF00C13075 /* CustomVideoPlayer.swift */ = {isa = PBXFileReference; lastKnownFileType = sourcecode.swift; path = CustomVideoPlayer.swift; sourceTree = "<group>"; };
		F8A371D42A4BEA660076F1C1 /* EditFieldPage.swift */ = {isa = PBXFileReference; lastKnownFileType = sourcecode.swift; path = EditFieldPage.swift; sourceTree = "<group>"; };
		F8A371D82A4BEE4B0076F1C1 /* EditPost.swift */ = {isa = PBXFileReference; lastKnownFileType = sourcecode.swift; path = EditPost.swift; sourceTree = "<group>"; };
		F8B2C5172A5E6D3A00E11503 /* testUsers.swift */ = {isa = PBXFileReference; lastKnownFileType = sourcecode.swift; path = testUsers.swift; sourceTree = "<group>"; };
		F8C7910B2A4E7EFF00FF21A6 /* FileTypeFunc.swift */ = {isa = PBXFileReference; lastKnownFileType = sourcecode.swift; path = FileTypeFunc.swift; sourceTree = "<group>"; };
		F8EC241F2A5C89AD0010D46E /* ImagePicker.swift */ = {isa = PBXFileReference; lastKnownFileType = sourcecode.swift; path = ImagePicker.swift; sourceTree = "<group>"; };
/* End PBXFileReference section */

/* Begin PBXFrameworksBuildPhase section */
		E29095D42A3E473E001BEDDE /* Frameworks */ = {
			isa = PBXFrameworksBuildPhase;
			buildActionMask = 2147483647;
			files = (
				E272A0192A5BA36B008D2D78 /* FirebaseAnalytics in Frameworks */,
				E272A01B2A5BA36B008D2D78 /* FirebaseAuth in Frameworks */,
				B140BA592A60F39400819203 /* SwiftUICam in Frameworks */,
				E272A0232A5BA36B008D2D78 /* FirebaseMessaging in Frameworks */,
				E272A01D2A5BA36B008D2D78 /* FirebaseDatabase in Frameworks */,
				E272A0212A5BA36B008D2D78 /* FirebaseFunctions in Frameworks */,
				E2BDE6AB2A5E38770012D328 /* GoogleSignIn in Frameworks */,
				E272A0252A5BA36B008D2D78 /* FirebaseStorage in Frameworks */,
				E272A01F2A5BA36B008D2D78 /* FirebaseFirestore in Frameworks */,
				E272A0272A5BA36B008D2D78 /* FirebaseStorageCombine-Community in Frameworks */,
				E280A9E82A4FDEA500410B34 /* SlidingTabView in Frameworks */,
				E2BDE6AD2A5E38770012D328 /* GoogleSignInSwift in Frameworks */,
			);
			runOnlyForDeploymentPostprocessing = 0;
		};
		E29095E92A3E4741001BEDDE /* Frameworks */ = {
			isa = PBXFrameworksBuildPhase;
			buildActionMask = 2147483647;
			files = (
			);
			runOnlyForDeploymentPostprocessing = 0;
		};
		E29095F32A3E4741001BEDDE /* Frameworks */ = {
			isa = PBXFrameworksBuildPhase;
			buildActionMask = 2147483647;
			files = (
			);
			runOnlyForDeploymentPostprocessing = 0;
		};
/* End PBXFrameworksBuildPhase section */

/* Begin PBXGroup section */
		B18B19AE2A469D1D00309256 /* customfonts */ = {
			isa = PBXGroup;
			children = (
				B14D3A002A5B8AFA00056EAA /* sofrat.mov */,
				B1EDD2AE2A5915CE0096F335 /* talkin.mov */,
				B1EDD2B02A5915CE0096F335 /* gunna.mov */,
				B1CAD04C2A57D83B00BA5554 /* blonde.jpeg */,
				B1CAD04A2A57D7B800BA5554 /* cute.jpeg */,
				B1B5D7E92A573F6400E30064 /* animal.jpeg */,
				B1B5D7E72A57318800E30064 /* happen.mov */,
				B1B5D7E52A57310B00E30064 /* stick.mov */,
				B1B5D7E32A5730EF00E30064 /* tyler.mov */,
				B1B5D7E12A572D8E00E30064 /* hot.jpeg */,
				B1B5D7DF2A572D7200E30064 /* me.jpeg */,
				B1B5D7DD2A572B8100E30064 /* davo.mp4 */,
				B1B5D7D92A57293C00E30064 /* tiger.mp4 */,
				F8950DC72A48003B00C13075 /* david.mp4 */,
				F8950DC52A48002800C13075 /* adarsh.mp4 */,
				B18B198A2A46974300309256 /* Comfortaa-Bold.ttf */,
				B18B19892A46974300309256 /* Comfortaa-Light.ttf */,
				B18B19872A46974300309256 /* Comfortaa-Medium.ttf */,
				B18B197D2A46974200309256 /* Comfortaa-Regular.ttf */,
				B18B197C2A46974200309256 /* JosefinSans-Bold.ttf */,
				B18B19802A46974300309256 /* JosefinSans-SemiBoldItalic.ttf */,
				B18B198E2A46974300309256 /* Comfortaa-SemiBold.ttf */,
				B18B19762A46974200309256 /* JosefinSans-BoldItalic.ttf */,
				B18B198F2A46974300309256 /* JosefinSans-ExtraLight.ttf */,
				B18B19792A46974200309256 /* JosefinSans-ExtraLightItalic.ttf */,
				B18B19902A46974300309256 /* JosefinSans-Italic.ttf */,
				B18B197B2A46974200309256 /* JosefinSans-Light.ttf */,
				B18B19822A46974300309256 /* JosefinSans-LightItalic.ttf */,
				B18B19862A46974300309256 /* JosefinSans-Medium.ttf */,
				B18B19832A46974300309256 /* JosefinSans-MediumItalic.ttf */,
				B18B19752A46974200309256 /* JosefinSans-Regular.ttf */,
				B18B19772A46974200309256 /* JosefinSans-SemiBold.ttf */,
				B18B197E2A46974200309256 /* JosefinSans-Thin.ttf */,
				B18B198C2A46974300309256 /* JosefinSans-ThinItalic.ttf */,
				B18B19812A46974300309256 /* LexendDeca-Black.ttf */,
				B18B197A2A46974200309256 /* LexendDeca-Bold.ttf */,
				B18B198D2A46974300309256 /* LexendDeca-ExtraBold.ttf */,
				B18B19852A46974300309256 /* LexendDeca-ExtraLight.ttf */,
				B18B19842A46974300309256 /* LexendDeca-Light.ttf */,
				B18B197F2A46974200309256 /* LexendDeca-Medium.ttf */,
				B18B198B2A46974300309256 /* LexendDeca-Regular.ttf */,
				B18B19782A46974200309256 /* LexendDeca-SemiBold.ttf */,
				B18B19882A46974300309256 /* LexendDeca-Thin.ttf */,
			);
			path = customfonts;
			sourceTree = "<group>";
		};
		E2163E462A660A78005A20BE /* firebase */ = {
			isa = PBXGroup;
			children = (
				E2163E482A660AA8005A20BE /* collections.swift */,
			);
			path = firebase;
			sourceTree = "<group>";
		};
		E2163E4A2A6633BA005A20BE /* functions */ = {
			isa = PBXGroup;
			children = (
				E2163E4B2A6633D2005A20BE /* authFunctions.swift */,
			);
			path = functions;
			sourceTree = "<group>";
		};
		E2163E502A663B35005A20BE /* types */ = {
			isa = PBXGroup;
			children = (
				E2163E512A663C4D005A20BE /* users.swift */,
				E2163E532A663DE5005A20BE /* content.swift */,
			);
			path = types;
			sourceTree = "<group>";
		};
		E2434C472A5A349B000A70DB /* store */ = {
			isa = PBXGroup;
			children = (
				B1B71FC92A48EFE900C54090 /* UserInfo.swift */,
				F8B2C5172A5E6D3A00E11503 /* testUsers.swift */,
				B1C7D77B2A5CC63E00ACA02A /* NumberAuth.swift */,
			);
			path = store;
			sourceTree = "<group>";
		};
		E28D3A562A3E4B9600B1EEE9 /* login */ = {
			isa = PBXGroup;
			children = (
				E28D3A592A3E4C1000B1EEE9 /* LaunchScreen.swift */,
				E28D3A5B2A3E917900B1EEE9 /* AccountSetUp.swift */,
				F85F03992A3F9BC9000DCBEF /* EmailOrNumber.swift */,
				F85F03952A3F93FC000DCBEF /* EnterPhoneNumber.swift */,
				F85F03972A3F9A89000DCBEF /* VerifyNumber.swift */,
				E28D3A662A3FFA3400B1EEE9 /* EnterEmail.swift */,
				E28D3A682A3FFC7600B1EEE9 /* VerifyEmail.swift */,
				E28D3A6A2A400A8100B1EEE9 /* CreateUsername.swift */,
				F834163F2A40E6A500803D32 /* SetProfilePic.swift */,
				E2434C4C2A5A412C000A70DB /* GradientBackground.swift */,
				B164A9F22A5B89150033586F /* InitialMessage.swift */,
				B1F6B5402A5F74140037D857 /* GoogleViewController.swift */,
			);
			path = login;
			sourceTree = "<group>";
		};
		E28D3A5D2A3E94C700B1EEE9 /* views */ = {
			isa = PBXGroup;
			children = (
				E28D3A562A3E4B9600B1EEE9 /* login */,
				F83416432A40EA6700803D32 /* app-main-views */,
			);
			path = views;
			sourceTree = "<group>";
		};
		E28D3A5E2A3E94D100B1EEE9 /* components */ = {
			isa = PBXGroup;
			children = (
				B164A9F02A5B729F0033586F /* CommentTextField.swift */,
				B1B5EFC62A4F569A00FA79CE /* EditPosts.swift */,
				B1B5EFC72A4F569A00FA79CE /* UserBio.swift */,
				B19B2AFE2A4E7D49006C9B44 /* CaptionTextField.swift */,
				F8EC241F2A5C89AD0010D46E /* ImagePicker.swift */,
				F81E80532A5F5A6100E73548 /* VidOrImagePicker.swift */,
				E2C446912A4E88820032CF34 /* nav */,
				E2C4468B2A4E86DB0032CF34 /* main-app */,
				E2C4468A2A4E86AF0032CF34 /* user-input */,
				E2C446892A4E86840032CF34 /* login */,
			);
			path = components;
			sourceTree = "<group>";
		};
		E28D3A632A3EB51400B1EEE9 /* constants */ = {
			isa = PBXGroup;
			children = (
				B18B19AE2A469D1D00309256 /* customfonts */,
				E28D3A642A3EB52400B1EEE9 /* colors.swift */,
				F86D83A52A4BC37900223F9A /* prompts.swift */,
				E2163E4D2A663501005A20BE /* schools.swift */,
			);
			path = constants;
			sourceTree = "<group>";
		};
		E29095CE2A3E473E001BEDDE = {
			isa = PBXGroup;
			children = (
				E29095D92A3E473E001BEDDE /* campfire-mobile */,
				E29095EF2A3E4741001BEDDE /* campfire-mobileTests */,
				E29095F92A3E4741001BEDDE /* campfire-mobileUITests */,
				E29095D82A3E473E001BEDDE /* Products */,
			);
			sourceTree = "<group>";
		};
		E29095D82A3E473E001BEDDE /* Products */ = {
			isa = PBXGroup;
			children = (
				E29095D72A3E473E001BEDDE /* campfire-mobile.app */,
				E29095EC2A3E4741001BEDDE /* campfire-mobileTests.xctest */,
				E29095F62A3E4741001BEDDE /* campfire-mobileUITests.xctest */,
			);
			name = Products;
			sourceTree = "<group>";
		};
		E29095D92A3E473E001BEDDE /* campfire-mobile */ = {
			isa = PBXGroup;
			children = (
				E2163E502A663B35005A20BE /* types */,
				E2CBD5E22A6211BE000F3547 /* utilities */,
				E2E997B12A41459700EBBDD7 /* Info.plist */,
				E272A0132A5BA192008D2D78 /* GoogleService-Info.plist */,
				E28D3A632A3EB51400B1EEE9 /* constants */,
				E28D3A5E2A3E94D100B1EEE9 /* components */,
				E28D3A5D2A3E94C700B1EEE9 /* views */,
				E29095DA2A3E473E001BEDDE /* campfire_mobileApp.swift */,
				E2163E462A660A78005A20BE /* firebase */,
				F83B0EB72A4D367B00F98CFA /* model */,
				E29095DC2A3E473E001BEDDE /* ContentView.swift */,
				E29095DE2A3E4741001BEDDE /* Assets.xcassets */,
				E29095E32A3E4741001BEDDE /* Persistence.swift */,
				E29095E52A3E4741001BEDDE /* campfire_mobile.xcdatamodeld */,
				E29095E02A3E4741001BEDDE /* Preview Content */,
			);
			path = "campfire-mobile";
			sourceTree = "<group>";
		};
		E29095E02A3E4741001BEDDE /* Preview Content */ = {
			isa = PBXGroup;
			children = (
				E29095E12A3E4741001BEDDE /* Preview Assets.xcassets */,
			);
			path = "Preview Content";
			sourceTree = "<group>";
		};
		E29095EF2A3E4741001BEDDE /* campfire-mobileTests */ = {
			isa = PBXGroup;
			children = (
				E29095F02A3E4741001BEDDE /* campfire_mobileTests.swift */,
			);
			path = "campfire-mobileTests";
			sourceTree = "<group>";
		};
		E29095F92A3E4741001BEDDE /* campfire-mobileUITests */ = {
			isa = PBXGroup;
			children = (
				E29095FA2A3E4741001BEDDE /* campfire_mobileUITests.swift */,
				E29095FC2A3E4741001BEDDE /* campfire_mobileUITestsLaunchTests.swift */,
			);
			path = "campfire-mobileUITests";
			sourceTree = "<group>";
		};
		E2C446882A4E84610032CF34 /* top-navbar */ = {
			isa = PBXGroup;
			children = (
				E2C446862A4E82C20032CF34 /* TopNavBar.swift */,
				E2C446822A4E62B50032CF34 /* CustomTopNavBar.swift */,
				E2C446842A4E6DFC0032CF34 /* TopNavBarContainer.swift */,
				E2E355432A58F6A300EE16C6 /* BackButton.swift */,
			);
			path = "top-navbar";
			sourceTree = "<group>";
		};
		E2C446892A4E86840032CF34 /* login */ = {
			isa = PBXGroup;
			children = (
				B1B5EFCB2A4F56B000FA79CE /* LFButton.swift */,
				B1B5EFCA2A4F56B000FA79CE /* ProfilePictureView.swift */,
			);
			path = login;
			sourceTree = "<group>";
		};
		E2C4468A2A4E86AF0032CF34 /* user-input */ = {
			isa = PBXGroup;
			children = (
				B1B5EFCF2A4F56C200FA79CE /* FormTextField.swift */,
			);
			path = "user-input";
			sourceTree = "<group>";
		};
		E2C4468B2A4E86DB0032CF34 /* main-app */ = {
			isa = PBXGroup;
			children = (
				B1B5EFD22A4F56D700FA79CE /* FeedInfo.swift */,
				B1B5EFD52A4F56D700FA79CE /* MapHotspots.swift */,
				B1B5EFD62A4F56D700FA79CE /* PostAttributes.swift */,
				B1B5EFD32A4F56D700FA79CE /* UserProfile.swift */,
				B1B5EFD42A4F56D700FA79CE /* UserProfilePic.swift */,
				E280A9E22A4FCF5D00410B34 /* Notification.swift */,
				B14AF3442A5CE64800BDE1A4 /* CommentView.swift */,
				F89402122A5E64F30049410E /* FriendsListView.swift */,
				F89402142A5E68480049410E /* SearchListView.swift */,
				F89402182A5E6A150049410E /* RequestsListView.swift */,
				B1562CDE2A5E501B00E8C5FD /* ReplyView.swift */,
			);
			path = "main-app";
			sourceTree = "<group>";
		};
		E2C4468C2A4E87500032CF34 /* map */ = {
			isa = PBXGroup;
			children = (
				F83B0EB52A4D2D1900F98CFA /* HotspotsFeedPage.swift */,
				B1B6CCB02A4114A1001C6A50 /* MapPage.swift */,
			);
			path = map;
			sourceTree = "<group>";
		};
		E2C4468D2A4E87550032CF34 /* tent */ = {
			isa = PBXGroup;
			children = (
				B18B19732A4613A200309256 /* LeaderboardPage.swift */,
				F83B0EB32A4D2CF600F98CFA /* FriendsPage.swift */,
				B1B6CCAE2A41129F001C6A50 /* SearchPage.swift */,
				E280A9E42A4FD3FB00410B34 /* NotificationsPage.swift */,
				E280A9E92A4FDEEA00410B34 /* TentTabView.swift */,
				B140DB692A53C6EC002FFA65 /* RequestsPage.swift */,
			);
			path = tent;
			sourceTree = "<group>";
		};
		E2C4468E2A4E875C0032CF34 /* camera */ = {
			isa = PBXGroup;
			children = (
				F83B0EB12A4D2CBE00F98CFA /* CamPostPage.swift */,
				B1EF99882A4289540001E8CC /* CameraPage.swift */,
			);
			path = camera;
			sourceTree = "<group>";
		};
		E2C446902A4E87750032CF34 /* profile */ = {
			isa = PBXGroup;
			children = (
				B18B19712A46059700309256 /* SettingsPage.swift */,
				F86D83A72A4BC54100223F9A /* EditProfile.swift */,
				F8A371D42A4BEA660076F1C1 /* EditFieldPage.swift */,
				F86695152A40F78300D9471C /* ProfilePage.swift */,
				F8A371D82A4BEE4B0076F1C1 /* EditPost.swift */,
				B19EA15A2A60AEA7001B0658 /* PromptsPage.swift */,
			);
			path = profile;
			sourceTree = "<group>";
		};
		E2C446912A4E88820032CF34 /* nav */ = {
			isa = PBXGroup;
			children = (
				E2C446922A4E89C50032CF34 /* bottom-navbar */,
				E2C446882A4E84610032CF34 /* top-navbar */,
			);
			path = nav;
			sourceTree = "<group>";
		};
		E2C446922A4E89C50032CF34 /* bottom-navbar */ = {
			isa = PBXGroup;
			children = (
				B1B5EFDD2A4F56E900FA79CE /* NavBar.swift */,
				B1B5EFDC2A4F56E900FA79CE /* NavigationBar.swift */,
			);
			path = "bottom-navbar";
			sourceTree = "<group>";
		};
		E2CBD5E22A6211BE000F3547 /* utilities */ = {
			isa = PBXGroup;
			children = (
				E2CBD5E32A6211D2000F3547 /* utilities.swift */,
			);
			path = utilities;
			sourceTree = "<group>";
		};
		E2CBD5E52A6216C9000F3547 /* auth */ = {
			isa = PBXGroup;
			children = (
				E2E342602A5B3B110027D72F /* AuthModel.swift */,
				E2CBD5E62A6216E1000F3547 /* AuthenticationManager.swift */,
				E2CBD5E82A633EBC000F3547 /* SignInGoogleHelper.swift */,
			);
			path = auth;
			sourceTree = "<group>";
		};
		F83416432A40EA6700803D32 /* app-main-views */ = {
			isa = PBXGroup;
			children = (
				F8950DC42A48000100C13075 /* feed */,
				E2C446902A4E87750032CF34 /* profile */,
				E2C4468E2A4E875C0032CF34 /* camera */,
				E2C4468D2A4E87550032CF34 /* tent */,
				E2C4468C2A4E87500032CF34 /* map */,
			);
			path = "app-main-views";
			sourceTree = "<group>";
		};
		F83B0EB72A4D367B00F98CFA /* model */ = {
			isa = PBXGroup;
			children = (
				E2163E4A2A6633BA005A20BE /* functions */,
				E2CBD5E52A6216C9000F3547 /* auth */,
				E2434C472A5A349B000A70DB /* store */,
			);
			path = model;
			sourceTree = "<group>";
		};
		F8950DC42A48000100C13075 /* feed */ = {
			isa = PBXGroup;
			children = (
				F82C10A92A42A74200864FBD /* TheFeed.swift */,
				F8950DC92A48008A00C13075 /* Vid.swift */,
				F8950DCB2A4800BF00C13075 /* CustomVideoPlayer.swift */,
				F8C7910B2A4E7EFF00FF21A6 /* FileTypeFunc.swift */,
				B1FCB34A2A5A4801002241C5 /* CommentsPage.swift */,
			);
			name = feed;
			path = ../../feed;
			sourceTree = "<group>";
		};
/* End PBXGroup section */

/* Begin PBXNativeTarget section */
		E29095D62A3E473E001BEDDE /* campfire-mobile */ = {
			isa = PBXNativeTarget;
			buildConfigurationList = E29096002A3E4741001BEDDE /* Build configuration list for PBXNativeTarget "campfire-mobile" */;
			buildPhases = (
				E29095D32A3E473E001BEDDE /* Sources */,
				E29095D42A3E473E001BEDDE /* Frameworks */,
				E29095D52A3E473E001BEDDE /* Resources */,
			);
			buildRules = (
			);
			dependencies = (
			);
			name = "campfire-mobile";
			packageProductDependencies = (
				E280A9E72A4FDEA500410B34 /* SlidingTabView */,
				E272A0182A5BA36B008D2D78 /* FirebaseAnalytics */,
				E272A01A2A5BA36B008D2D78 /* FirebaseAuth */,
				E272A01C2A5BA36B008D2D78 /* FirebaseDatabase */,
				E272A01E2A5BA36B008D2D78 /* FirebaseFirestore */,
				E272A0202A5BA36B008D2D78 /* FirebaseFunctions */,
				E272A0222A5BA36B008D2D78 /* FirebaseMessaging */,
				E272A0242A5BA36B008D2D78 /* FirebaseStorage */,
				E272A0262A5BA36B008D2D78 /* FirebaseStorageCombine-Community */,
				E2BDE6AA2A5E38770012D328 /* GoogleSignIn */,
				E2BDE6AC2A5E38770012D328 /* GoogleSignInSwift */,
				B140BA582A60F39400819203 /* SwiftUICam */,
			);
			productName = "campfire-mobile";
			productReference = E29095D72A3E473E001BEDDE /* campfire-mobile.app */;
			productType = "com.apple.product-type.application";
		};
		E29095EB2A3E4741001BEDDE /* campfire-mobileTests */ = {
			isa = PBXNativeTarget;
			buildConfigurationList = E29096032A3E4741001BEDDE /* Build configuration list for PBXNativeTarget "campfire-mobileTests" */;
			buildPhases = (
				E29095E82A3E4741001BEDDE /* Sources */,
				E29095E92A3E4741001BEDDE /* Frameworks */,
				E29095EA2A3E4741001BEDDE /* Resources */,
			);
			buildRules = (
			);
			dependencies = (
				E29095EE2A3E4741001BEDDE /* PBXTargetDependency */,
			);
			name = "campfire-mobileTests";
			productName = "campfire-mobileTests";
			productReference = E29095EC2A3E4741001BEDDE /* campfire-mobileTests.xctest */;
			productType = "com.apple.product-type.bundle.unit-test";
		};
		E29095F52A3E4741001BEDDE /* campfire-mobileUITests */ = {
			isa = PBXNativeTarget;
			buildConfigurationList = E29096062A3E4741001BEDDE /* Build configuration list for PBXNativeTarget "campfire-mobileUITests" */;
			buildPhases = (
				E29095F22A3E4741001BEDDE /* Sources */,
				E29095F32A3E4741001BEDDE /* Frameworks */,
				E29095F42A3E4741001BEDDE /* Resources */,
			);
			buildRules = (
			);
			dependencies = (
				E29095F82A3E4741001BEDDE /* PBXTargetDependency */,
			);
			name = "campfire-mobileUITests";
			productName = "campfire-mobileUITests";
			productReference = E29095F62A3E4741001BEDDE /* campfire-mobileUITests.xctest */;
			productType = "com.apple.product-type.bundle.ui-testing";
		};
/* End PBXNativeTarget section */

/* Begin PBXProject section */
		E29095CF2A3E473E001BEDDE /* Project object */ = {
			isa = PBXProject;
			attributes = {
				BuildIndependentTargetsInParallel = 1;
				LastSwiftUpdateCheck = 1430;
				LastUpgradeCheck = 1430;
				TargetAttributes = {
					E29095D62A3E473E001BEDDE = {
						CreatedOnToolsVersion = 14.3.1;
					};
					E29095EB2A3E4741001BEDDE = {
						CreatedOnToolsVersion = 14.3.1;
						TestTargetID = E29095D62A3E473E001BEDDE;
					};
					E29095F52A3E4741001BEDDE = {
						CreatedOnToolsVersion = 14.3.1;
						TestTargetID = E29095D62A3E473E001BEDDE;
					};
				};
			};
			buildConfigurationList = E29095D22A3E473E001BEDDE /* Build configuration list for PBXProject "campfire-mobile" */;
			compatibilityVersion = "Xcode 14.0";
			developmentRegion = en;
			hasScannedForEncodings = 0;
			knownRegions = (
				en,
				Base,
			);
			mainGroup = E29095CE2A3E473E001BEDDE;
			packageReferences = (
				E280A9E62A4FDEA500410B34 /* XCRemoteSwiftPackageReference "SlidingTabView" */,
				E272A0172A5BA36B008D2D78 /* XCRemoteSwiftPackageReference "firebase-ios-sdk" */,
				E2BDE6A92A5E38770012D328 /* XCRemoteSwiftPackageReference "GoogleSignIn-iOS" */,
				B140BA572A60F39400819203 /* XCRemoteSwiftPackageReference "SwiftUICam" */,
			);
			productRefGroup = E29095D82A3E473E001BEDDE /* Products */;
			projectDirPath = "";
			projectRoot = "";
			targets = (
				E29095D62A3E473E001BEDDE /* campfire-mobile */,
				E29095EB2A3E4741001BEDDE /* campfire-mobileTests */,
				E29095F52A3E4741001BEDDE /* campfire-mobileUITests */,
			);
		};
/* End PBXProject section */

/* Begin PBXResourcesBuildPhase section */
		E29095D52A3E473E001BEDDE /* Resources */ = {
			isa = PBXResourcesBuildPhase;
			buildActionMask = 2147483647;
			files = (
				B1B5D7E22A572D8E00E30064 /* hot.jpeg in Resources */,
				F8950DC82A48003B00C13075 /* david.mp4 in Resources */,
				E272A0142A5BA192008D2D78 /* GoogleService-Info.plist in Resources */,
				B1B5D7E82A57318800E30064 /* happen.mov in Resources */,
				F8950DC62A48002800C13075 /* adarsh.mp4 in Resources */,
				B18B19A92A46977200309256 /* LexendDeca-Light.ttf in Resources */,
				B18B19AA2A46977200309256 /* LexendDeca-Medium.ttf in Resources */,
				B1EDD2B32A5915CE0096F335 /* gunna.mov in Resources */,
				B18B19AB2A46977200309256 /* LexendDeca-SemiBold.ttf in Resources */,
				B18B19AC2A46977200309256 /* LexendDeca-Thin.ttf in Resources */,
				B18B19912A46976700309256 /* Comfortaa-Bold.ttf in Resources */,
				B18B19922A46976700309256 /* Comfortaa-Light.ttf in Resources */,
				B18B19932A46976700309256 /* Comfortaa-Medium.ttf in Resources */,
				B1CAD04D2A57D83B00BA5554 /* blonde.jpeg in Resources */,
				B18B19942A46976700309256 /* Comfortaa-Regular.ttf in Resources */,
				B18B19952A46976700309256 /* Comfortaa-SemiBold.ttf in Resources */,
				B1B5D7DA2A57293C00E30064 /* tiger.mp4 in Resources */,
				B18B19962A46976700309256 /* JosefinSans-Bold.ttf in Resources */,
				B18B19972A46976700309256 /* JosefinSans-BoldItalic.ttf in Resources */,
				B18B19982A46976700309256 /* JosefinSans-ExtraLight.ttf in Resources */,
				B1B5D7E02A572D7200E30064 /* me.jpeg in Resources */,
				B18B19992A46976700309256 /* JosefinSans-ExtraLightItalic.ttf in Resources */,
				B18B199A2A46976700309256 /* JosefinSans-Italic.ttf in Resources */,
				B1B5D7DE2A572B8100E30064 /* davo.mp4 in Resources */,
				B18B199B2A46976700309256 /* JosefinSans-Light.ttf in Resources */,
				B18B199C2A46976700309256 /* JosefinSans-LightItalic.ttf in Resources */,
				B18B199D2A46976700309256 /* JosefinSans-Medium.ttf in Resources */,
				B1EDD2B12A5915CE0096F335 /* talkin.mov in Resources */,
				B18B199E2A46976700309256 /* JosefinSans-MediumItalic.ttf in Resources */,
				B1CAD04B2A57D7B800BA5554 /* cute.jpeg in Resources */,
				B18B199F2A46976700309256 /* JosefinSans-Regular.ttf in Resources */,
				B18B19A02A46976700309256 /* JosefinSans-SemiBold.ttf in Resources */,
				B18B19A12A46976700309256 /* JosefinSans-SemiBoldItalic.ttf in Resources */,
				B18B19A22A46976700309256 /* JosefinSans-Thin.ttf in Resources */,
				B18B19A32A46976700309256 /* JosefinSans-ThinItalic.ttf in Resources */,
				B1B5D7E62A57310B00E30064 /* stick.mov in Resources */,
				B14D3A012A5B8AFA00056EAA /* sofrat.mov in Resources */,
				B18B19A42A46976700309256 /* LexendDeca-Black.ttf in Resources */,
				B18B19A52A46976700309256 /* LexendDeca-Bold.ttf in Resources */,
				B1B5D7EA2A573F6400E30064 /* animal.jpeg in Resources */,
				B18B19A62A46976700309256 /* LexendDeca-ExtraBold.ttf in Resources */,
				B1B5D7E42A5730F000E30064 /* tyler.mov in Resources */,
				B18B19A72A46976700309256 /* LexendDeca-ExtraLight.ttf in Resources */,
				B18B19A82A46976700309256 /* LexendDeca-Regular.ttf in Resources */,
				E29095E22A3E4741001BEDDE /* Preview Assets.xcassets in Resources */,
				E29095DF2A3E4741001BEDDE /* Assets.xcassets in Resources */,
			);
			runOnlyForDeploymentPostprocessing = 0;
		};
		E29095EA2A3E4741001BEDDE /* Resources */ = {
			isa = PBXResourcesBuildPhase;
			buildActionMask = 2147483647;
			files = (
				E272A0152A5BA1B8008D2D78 /* GoogleService-Info.plist in Resources */,
			);
			runOnlyForDeploymentPostprocessing = 0;
		};
		E29095F42A3E4741001BEDDE /* Resources */ = {
			isa = PBXResourcesBuildPhase;
			buildActionMask = 2147483647;
			files = (
				E272A0162A5BA1B9008D2D78 /* GoogleService-Info.plist in Resources */,
			);
			runOnlyForDeploymentPostprocessing = 0;
		};
/* End PBXResourcesBuildPhase section */

/* Begin PBXSourcesBuildPhase section */
		E29095D32A3E473E001BEDDE /* Sources */ = {
			isa = PBXSourcesBuildPhase;
			buildActionMask = 2147483647;
			files = (
				E28D3A6B2A400A8100B1EEE9 /* CreateUsername.swift in Sources */,
				B1FCB34B2A5A4801002241C5 /* CommentsPage.swift in Sources */,
				E2163E4C2A6633D2005A20BE /* authFunctions.swift in Sources */,
				F86695162A40F78300D9471C /* ProfilePage.swift in Sources */,
				F8EC24202A5C89AD0010D46E /* ImagePicker.swift in Sources */,
				F89402192A5E6A150049410E /* RequestsListView.swift in Sources */,
				E280A9E52A4FD3FB00410B34 /* NotificationsPage.swift in Sources */,
				F85F03962A3F93FC000DCBEF /* EnterPhoneNumber.swift in Sources */,
				B164A9F12A5B729F0033586F /* CommentTextField.swift in Sources */,
				B140DB6A2A53C6EC002FFA65 /* RequestsPage.swift in Sources */,
				B1B5EFDF2A4F56E900FA79CE /* NavBar.swift in Sources */,
				F8A371D52A4BEA660076F1C1 /* EditFieldPage.swift in Sources */,
				E29095E42A3E4741001BEDDE /* Persistence.swift in Sources */,
				E28D3A672A3FFA3400B1EEE9 /* EnterEmail.swift in Sources */,
				B1B5EFDB2A4F56D700FA79CE /* PostAttributes.swift in Sources */,
				F81E80542A5F5A6100E73548 /* VidOrImagePicker.swift in Sources */,
				B1B5EFDE2A4F56E900FA79CE /* NavigationBar.swift in Sources */,
				B1B5EFDA2A4F56D700FA79CE /* MapHotspots.swift in Sources */,
				F83B0EB22A4D2CBE00F98CFA /* CamPostPage.swift in Sources */,
				F89402132A5E64F30049410E /* FriendsListView.swift in Sources */,
				E28D3A692A3FFC7600B1EEE9 /* VerifyEmail.swift in Sources */,
				F83416402A40E6A500803D32 /* SetProfilePic.swift in Sources */,
				F86D83A62A4BC37900223F9A /* prompts.swift in Sources */,
				F85F03982A3F9A89000DCBEF /* VerifyNumber.swift in Sources */,
				B18B19722A46059700309256 /* SettingsPage.swift in Sources */,
				E2C446852A4E6DFC0032CF34 /* TopNavBarContainer.swift in Sources */,
				B1B6CCB12A4114A1001C6A50 /* MapPage.swift in Sources */,
				B164A9F32A5B89150033586F /* InitialMessage.swift in Sources */,
				B1B71FCA2A48EFE900C54090 /* UserInfo.swift in Sources */,
				F83B0EB62A4D2D1900F98CFA /* HotspotsFeedPage.swift in Sources */,
				F85F039A2A3F9BC9000DCBEF /* EmailOrNumber.swift in Sources */,
				B19B2AFF2A4E7D49006C9B44 /* CaptionTextField.swift in Sources */,
				B18B19742A4613A200309256 /* LeaderboardPage.swift in Sources */,
				F8A371D92A4BEE4B0076F1C1 /* EditPost.swift in Sources */,
				B1B5EFD82A4F56D700FA79CE /* UserProfile.swift in Sources */,
				B1B6CCAF2A41129F001C6A50 /* SearchPage.swift in Sources */,
				F89402152A5E68480049410E /* SearchListView.swift in Sources */,
				E28D3A652A3EB52400B1EEE9 /* colors.swift in Sources */,
				B1B5EFC92A4F569A00FA79CE /* UserBio.swift in Sources */,
				B1B5EFCD2A4F56B000FA79CE /* LFButton.swift in Sources */,
				F86D83A82A4BC54100223F9A /* EditProfile.swift in Sources */,
				E2CBD5E92A633EBC000F3547 /* SignInGoogleHelper.swift in Sources */,
				E2434C4D2A5A412C000A70DB /* GradientBackground.swift in Sources */,
				B1B5EFD12A4F56C200FA79CE /* FormTextField.swift in Sources */,
				E2163E492A660AA8005A20BE /* collections.swift in Sources */,
				E2C446832A4E62B50032CF34 /* CustomTopNavBar.swift in Sources */,
				B1F6B5412A5F74140037D857 /* GoogleViewController.swift in Sources */,
				B1562CDF2A5E501B00E8C5FD /* ReplyView.swift in Sources */,
				B14AF3452A5CE64800BDE1A4 /* CommentView.swift in Sources */,
				B1B5EFD92A4F56D700FA79CE /* UserProfilePic.swift in Sources */,
				E2163E4E2A663501005A20BE /* schools.swift in Sources */,
				F8C7910C2A4E7EFF00FF21A6 /* FileTypeFunc.swift in Sources */,
				E29095DD2A3E473E001BEDDE /* ContentView.swift in Sources */,
				F82C10AA2A42A74200864FBD /* TheFeed.swift in Sources */,
				F8B2C5182A5E6D3A00E11503 /* testUsers.swift in Sources */,
				B1EF99892A4289540001E8CC /* CameraPage.swift in Sources */,
				E2CBD5E42A6211D2000F3547 /* utilities.swift in Sources */,
				E28D3A5C2A3E917900B1EEE9 /* AccountSetUp.swift in Sources */,
				E28D3A5A2A3E4C1000B1EEE9 /* LaunchScreen.swift in Sources */,
				B1B5EFC82A4F569A00FA79CE /* EditPosts.swift in Sources */,
				E2C446872A4E82C20032CF34 /* TopNavBar.swift in Sources */,
				E2E342612A5B3B110027D72F /* AuthModel.swift in Sources */,
				F8950DCA2A48008A00C13075 /* Vid.swift in Sources */,
				E29095E72A3E4741001BEDDE /* campfire_mobile.xcdatamodeld in Sources */,
				E2163E522A663C4D005A20BE /* users.swift in Sources */,
				E280A9E32A4FCF5D00410B34 /* Notification.swift in Sources */,
				E29095DB2A3E473E001BEDDE /* campfire_mobileApp.swift in Sources */,
				F8950DCC2A4800BF00C13075 /* CustomVideoPlayer.swift in Sources */,
				E2CBD5E72A6216E1000F3547 /* AuthenticationManager.swift in Sources */,
				F83B0EB42A4D2CF600F98CFA /* FriendsPage.swift in Sources */,
				B19EA15B2A60AEA7001B0658 /* PromptsPage.swift in Sources */,
				E2E355442A58F6A300EE16C6 /* BackButton.swift in Sources */,
				B1B5EFCC2A4F56B000FA79CE /* ProfilePictureView.swift in Sources */,
				B1B5EFD72A4F56D700FA79CE /* FeedInfo.swift in Sources */,
				E2163E542A663DE5005A20BE /* content.swift in Sources */,
				B1C7D77C2A5CC63E00ACA02A /* NumberAuth.swift in Sources */,
				E280A9EA2A4FDEEA00410B34 /* TentTabView.swift in Sources */,
			);
			runOnlyForDeploymentPostprocessing = 0;
		};
		E29095E82A3E4741001BEDDE /* Sources */ = {
			isa = PBXSourcesBuildPhase;
			buildActionMask = 2147483647;
			files = (
				E29095F12A3E4741001BEDDE /* campfire_mobileTests.swift in Sources */,
			);
			runOnlyForDeploymentPostprocessing = 0;
		};
		E29095F22A3E4741001BEDDE /* Sources */ = {
			isa = PBXSourcesBuildPhase;
			buildActionMask = 2147483647;
			files = (
				E29095FB2A3E4741001BEDDE /* campfire_mobileUITests.swift in Sources */,
				E29095FD2A3E4741001BEDDE /* campfire_mobileUITestsLaunchTests.swift in Sources */,
			);
			runOnlyForDeploymentPostprocessing = 0;
		};
/* End PBXSourcesBuildPhase section */

/* Begin PBXTargetDependency section */
		E29095EE2A3E4741001BEDDE /* PBXTargetDependency */ = {
			isa = PBXTargetDependency;
			target = E29095D62A3E473E001BEDDE /* campfire-mobile */;
			targetProxy = E29095ED2A3E4741001BEDDE /* PBXContainerItemProxy */;
		};
		E29095F82A3E4741001BEDDE /* PBXTargetDependency */ = {
			isa = PBXTargetDependency;
			target = E29095D62A3E473E001BEDDE /* campfire-mobile */;
			targetProxy = E29095F72A3E4741001BEDDE /* PBXContainerItemProxy */;
		};
/* End PBXTargetDependency section */

/* Begin XCBuildConfiguration section */
		E29095FE2A3E4741001BEDDE /* Debug */ = {
			isa = XCBuildConfiguration;
			buildSettings = {
				ALWAYS_SEARCH_USER_PATHS = NO;
				CLANG_ANALYZER_NONNULL = YES;
				CLANG_ANALYZER_NUMBER_OBJECT_CONVERSION = YES_AGGRESSIVE;
				CLANG_CXX_LANGUAGE_STANDARD = "gnu++20";
				CLANG_ENABLE_MODULES = YES;
				CLANG_ENABLE_OBJC_ARC = YES;
				CLANG_ENABLE_OBJC_WEAK = YES;
				CLANG_WARN_BLOCK_CAPTURE_AUTORELEASING = YES;
				CLANG_WARN_BOOL_CONVERSION = YES;
				CLANG_WARN_COMMA = YES;
				CLANG_WARN_CONSTANT_CONVERSION = YES;
				CLANG_WARN_DEPRECATED_OBJC_IMPLEMENTATIONS = YES;
				CLANG_WARN_DIRECT_OBJC_ISA_USAGE = YES_ERROR;
				CLANG_WARN_DOCUMENTATION_COMMENTS = YES;
				CLANG_WARN_EMPTY_BODY = YES;
				CLANG_WARN_ENUM_CONVERSION = YES;
				CLANG_WARN_INFINITE_RECURSION = YES;
				CLANG_WARN_INT_CONVERSION = YES;
				CLANG_WARN_NON_LITERAL_NULL_CONVERSION = YES;
				CLANG_WARN_OBJC_IMPLICIT_RETAIN_SELF = YES;
				CLANG_WARN_OBJC_LITERAL_CONVERSION = YES;
				CLANG_WARN_OBJC_ROOT_CLASS = YES_ERROR;
				CLANG_WARN_QUOTED_INCLUDE_IN_FRAMEWORK_HEADER = YES;
				CLANG_WARN_RANGE_LOOP_ANALYSIS = YES;
				CLANG_WARN_STRICT_PROTOTYPES = YES;
				CLANG_WARN_SUSPICIOUS_MOVE = YES;
				CLANG_WARN_UNGUARDED_AVAILABILITY = YES_AGGRESSIVE;
				CLANG_WARN_UNREACHABLE_CODE = YES;
				CLANG_WARN__DUPLICATE_METHOD_MATCH = YES;
				COPY_PHASE_STRIP = NO;
				DEBUG_INFORMATION_FORMAT = dwarf;
				ENABLE_STRICT_OBJC_MSGSEND = YES;
				ENABLE_TESTABILITY = YES;
				GCC_C_LANGUAGE_STANDARD = gnu11;
				GCC_DYNAMIC_NO_PIC = NO;
				GCC_NO_COMMON_BLOCKS = YES;
				GCC_OPTIMIZATION_LEVEL = 0;
				GCC_PREPROCESSOR_DEFINITIONS = (
					"DEBUG=1",
					"$(inherited)",
				);
				GCC_WARN_64_TO_32_BIT_CONVERSION = YES;
				GCC_WARN_ABOUT_RETURN_TYPE = YES_ERROR;
				GCC_WARN_UNDECLARED_SELECTOR = YES;
				GCC_WARN_UNINITIALIZED_AUTOS = YES_AGGRESSIVE;
				GCC_WARN_UNUSED_FUNCTION = YES;
				GCC_WARN_UNUSED_VARIABLE = YES;
				INFOPLIST_FILE = "/Users/Toni/The Vault/campfire-mobile/campfire-mobile/Info.plist";
				IPHONEOS_DEPLOYMENT_TARGET = 16.4;
				MTL_ENABLE_DEBUG_INFO = INCLUDE_SOURCE;
				MTL_FAST_MATH = YES;
				ONLY_ACTIVE_ARCH = YES;
				SDKROOT = iphoneos;
				SWIFT_ACTIVE_COMPILATION_CONDITIONS = DEBUG;
				SWIFT_OPTIMIZATION_LEVEL = "-Onone";
			};
			name = Debug;
		};
		E29095FF2A3E4741001BEDDE /* Release */ = {
			isa = XCBuildConfiguration;
			buildSettings = {
				ALWAYS_SEARCH_USER_PATHS = NO;
				CLANG_ANALYZER_NONNULL = YES;
				CLANG_ANALYZER_NUMBER_OBJECT_CONVERSION = YES_AGGRESSIVE;
				CLANG_CXX_LANGUAGE_STANDARD = "gnu++20";
				CLANG_ENABLE_MODULES = YES;
				CLANG_ENABLE_OBJC_ARC = YES;
				CLANG_ENABLE_OBJC_WEAK = YES;
				CLANG_WARN_BLOCK_CAPTURE_AUTORELEASING = YES;
				CLANG_WARN_BOOL_CONVERSION = YES;
				CLANG_WARN_COMMA = YES;
				CLANG_WARN_CONSTANT_CONVERSION = YES;
				CLANG_WARN_DEPRECATED_OBJC_IMPLEMENTATIONS = YES;
				CLANG_WARN_DIRECT_OBJC_ISA_USAGE = YES_ERROR;
				CLANG_WARN_DOCUMENTATION_COMMENTS = YES;
				CLANG_WARN_EMPTY_BODY = YES;
				CLANG_WARN_ENUM_CONVERSION = YES;
				CLANG_WARN_INFINITE_RECURSION = YES;
				CLANG_WARN_INT_CONVERSION = YES;
				CLANG_WARN_NON_LITERAL_NULL_CONVERSION = YES;
				CLANG_WARN_OBJC_IMPLICIT_RETAIN_SELF = YES;
				CLANG_WARN_OBJC_LITERAL_CONVERSION = YES;
				CLANG_WARN_OBJC_ROOT_CLASS = YES_ERROR;
				CLANG_WARN_QUOTED_INCLUDE_IN_FRAMEWORK_HEADER = YES;
				CLANG_WARN_RANGE_LOOP_ANALYSIS = YES;
				CLANG_WARN_STRICT_PROTOTYPES = YES;
				CLANG_WARN_SUSPICIOUS_MOVE = YES;
				CLANG_WARN_UNGUARDED_AVAILABILITY = YES_AGGRESSIVE;
				CLANG_WARN_UNREACHABLE_CODE = YES;
				CLANG_WARN__DUPLICATE_METHOD_MATCH = YES;
				COPY_PHASE_STRIP = NO;
				DEBUG_INFORMATION_FORMAT = "dwarf-with-dsym";
				ENABLE_NS_ASSERTIONS = NO;
				ENABLE_STRICT_OBJC_MSGSEND = YES;
				GCC_C_LANGUAGE_STANDARD = gnu11;
				GCC_NO_COMMON_BLOCKS = YES;
				GCC_WARN_64_TO_32_BIT_CONVERSION = YES;
				GCC_WARN_ABOUT_RETURN_TYPE = YES_ERROR;
				GCC_WARN_UNDECLARED_SELECTOR = YES;
				GCC_WARN_UNINITIALIZED_AUTOS = YES_AGGRESSIVE;
				GCC_WARN_UNUSED_FUNCTION = YES;
				GCC_WARN_UNUSED_VARIABLE = YES;
				INFOPLIST_FILE = "/Users/Toni/The Vault/campfire-mobile/campfire-mobile/Info.plist";
				IPHONEOS_DEPLOYMENT_TARGET = 16.4;
				MTL_ENABLE_DEBUG_INFO = NO;
				MTL_FAST_MATH = YES;
				SDKROOT = iphoneos;
				SWIFT_COMPILATION_MODE = wholemodule;
				SWIFT_OPTIMIZATION_LEVEL = "-O";
				VALIDATE_PRODUCT = YES;
			};
			name = Release;
		};
		E29096012A3E4741001BEDDE /* Debug */ = {
			isa = XCBuildConfiguration;
			buildSettings = {
				ASSETCATALOG_COMPILER_APPICON_NAME = AppIcon;
				ASSETCATALOG_COMPILER_GLOBAL_ACCENT_COLOR_NAME = AccentColor;
				CLANG_USE_OPTIMIZATION_PROFILE = NO;
				CODE_SIGN_STYLE = Automatic;
				CURRENT_PROJECT_VERSION = 1;
				DEVELOPMENT_ASSET_PATHS = "\"campfire-mobile/Preview Content\"";
				DEVELOPMENT_TEAM = YLP4XN7VPH;
				ENABLE_PREVIEWS = YES;
				GENERATE_INFOPLIST_FILE = YES;
				INFOPLIST_FILE = "/Users/adarshh_g/Documents/campfire-mobile/campfire-mobile/Info.plist";
				INFOPLIST_FILE = "/Users/Toni/The Vault/campfire-mobile/campfire-mobile/Info.plist";
				INFOPLIST_KEY_NSCameraUsageDescription = "To Take Photos and Video";
				INFOPLIST_KEY_NSMicrophoneUsageDescription = "To Record Audio With Video";
				INFOPLIST_KEY_UIApplicationSceneManifest_Generation = YES;
				INFOPLIST_KEY_UIApplicationSupportsIndirectInputEvents = YES;
				INFOPLIST_KEY_UILaunchStoryboardName = "";
				INFOPLIST_KEY_UISupportedInterfaceOrientations_iPad = "UIInterfaceOrientationPortrait UIInterfaceOrientationPortraitUpsideDown UIInterfaceOrientationLandscapeLeft UIInterfaceOrientationLandscapeRight";
				INFOPLIST_KEY_UISupportedInterfaceOrientations_iPhone = "UIInterfaceOrientationPortrait UIInterfaceOrientationLandscapeLeft UIInterfaceOrientationLandscapeRight";
				LD_RUNPATH_SEARCH_PATHS = (
					"$(inherited)",
					"@executable_path/Frameworks",
				);
				MARKETING_VERSION = 1.0;
				PRODUCT_BUNDLE_IDENTIFIER = "com.campfibjreco.campfire-mobile";
				PRODUCT_NAME = "$(TARGET_NAME)";
				SWIFT_EMIT_LOC_STRINGS = YES;
				SWIFT_VERSION = 5.0;
				TARGETED_DEVICE_FAMILY = "1,2";
			};
			name = Debug;
		};
		E29096022A3E4741001BEDDE /* Release */ = {
			isa = XCBuildConfiguration;
			buildSettings = {
				ASSETCATALOG_COMPILER_APPICON_NAME = AppIcon;
				ASSETCATALOG_COMPILER_GLOBAL_ACCENT_COLOR_NAME = AccentColor;
				CLANG_USE_OPTIMIZATION_PROFILE = NO;
				CODE_SIGN_STYLE = Automatic;
				CURRENT_PROJECT_VERSION = 1;
				DEVELOPMENT_ASSET_PATHS = "\"campfire-mobile/Preview Content\"";
				DEVELOPMENT_TEAM = YLP4XN7VPH;
				ENABLE_PREVIEWS = YES;
				GENERATE_INFOPLIST_FILE = YES;
				INFOPLIST_FILE = "/Users/adarshh_g/Documents/campfire-mobile/campfire-mobile/Info.plist";
				INFOPLIST_FILE = "/Users/Toni/The Vault/campfire-mobile/campfire-mobile/Info.plist";
				INFOPLIST_KEY_NSCameraUsageDescription = "To Take Photos and Video";
				INFOPLIST_KEY_NSMicrophoneUsageDescription = "To Record Audio With Video";
				INFOPLIST_KEY_UIApplicationSceneManifest_Generation = YES;
				INFOPLIST_KEY_UIApplicationSupportsIndirectInputEvents = YES;
				INFOPLIST_KEY_UILaunchStoryboardName = "";
				INFOPLIST_KEY_UISupportedInterfaceOrientations_iPad = "UIInterfaceOrientationPortrait UIInterfaceOrientationPortraitUpsideDown UIInterfaceOrientationLandscapeLeft UIInterfaceOrientationLandscapeRight";
				INFOPLIST_KEY_UISupportedInterfaceOrientations_iPhone = "UIInterfaceOrientationPortrait UIInterfaceOrientationLandscapeLeft UIInterfaceOrientationLandscapeRight";
				LD_RUNPATH_SEARCH_PATHS = (
					"$(inherited)",
					"@executable_path/Frameworks",
				);
				MARKETING_VERSION = 1.0;
				PRODUCT_BUNDLE_IDENTIFIER = "com.campfibjreco.campfire-mobile";
				PRODUCT_NAME = "$(TARGET_NAME)";
				SWIFT_EMIT_LOC_STRINGS = YES;
				SWIFT_VERSION = 5.0;
				TARGETED_DEVICE_FAMILY = "1,2";
			};
			name = Release;
		};
		E29096042A3E4741001BEDDE /* Debug */ = {
			isa = XCBuildConfiguration;
			buildSettings = {
				ALWAYS_EMBED_SWIFT_STANDARD_LIBRARIES = YES;
				BUNDLE_LOADER = "$(TEST_HOST)";
				"CODE_SIGN_IDENTITY[sdk=macosx*]" = "Apple Development";
				CODE_SIGN_STYLE = Automatic;
				CURRENT_PROJECT_VERSION = 1;
				DEVELOPMENT_TEAM = P898RXX9FS;
				GENERATE_INFOPLIST_FILE = YES;
				INFOPLIST_FILE = "/Users/adarshh_g/Documents/campfire-mobile/campfire-mobile/Info.plist";
				INFOPLIST_FILE = "/Users/Toni/The Vault/campfire-mobile/campfire-mobile/Info.plist";
				IPHONEOS_DEPLOYMENT_TARGET = 16.4;
				MARKETING_VERSION = 1.0;
				PRODUCT_BUNDLE_IDENTIFIER = "campfire.campfire-mobileTests";
				PRODUCT_NAME = "$(TARGET_NAME)";
				SWIFT_EMIT_LOC_STRINGS = NO;
				SWIFT_VERSION = 5.0;
				TARGETED_DEVICE_FAMILY = "1,2";
				TEST_HOST = "$(BUILT_PRODUCTS_DIR)/campfire-mobile.app/$(BUNDLE_EXECUTABLE_FOLDER_PATH)/campfire-mobile";
			};
			name = Debug;
		};
		E29096052A3E4741001BEDDE /* Release */ = {
			isa = XCBuildConfiguration;
			buildSettings = {
				ALWAYS_EMBED_SWIFT_STANDARD_LIBRARIES = YES;
				BUNDLE_LOADER = "$(TEST_HOST)";
				"CODE_SIGN_IDENTITY[sdk=macosx*]" = "Apple Development";
				CODE_SIGN_STYLE = Automatic;
				CURRENT_PROJECT_VERSION = 1;
				DEVELOPMENT_TEAM = P898RXX9FS;
				GENERATE_INFOPLIST_FILE = YES;
				INFOPLIST_FILE = "/Users/adarshh_g/Documents/campfire-mobile/campfire-mobile/Info.plist";
				INFOPLIST_FILE = "/Users/Toni/The Vault/campfire-mobile/campfire-mobile/Info.plist";
				IPHONEOS_DEPLOYMENT_TARGET = 16.4;
				MARKETING_VERSION = 1.0;
				PRODUCT_BUNDLE_IDENTIFIER = "campfire.campfire-mobileTests";
				PRODUCT_NAME = "$(TARGET_NAME)";
				SWIFT_EMIT_LOC_STRINGS = NO;
				SWIFT_VERSION = 5.0;
				TARGETED_DEVICE_FAMILY = "1,2";
				TEST_HOST = "$(BUILT_PRODUCTS_DIR)/campfire-mobile.app/$(BUNDLE_EXECUTABLE_FOLDER_PATH)/campfire-mobile";
			};
			name = Release;
		};
		E29096072A3E4741001BEDDE /* Debug */ = {
			isa = XCBuildConfiguration;
			buildSettings = {
				ALWAYS_EMBED_SWIFT_STANDARD_LIBRARIES = YES;
				CODE_SIGN_STYLE = Automatic;
				CURRENT_PROJECT_VERSION = 1;
				DEVELOPMENT_TEAM = P898RXX9FS;
				GENERATE_INFOPLIST_FILE = YES;
				INFOPLIST_FILE = "/Users/adarshh_g/Documents/campfire-mobile/campfire-mobile/Info.plist";
				INFOPLIST_FILE = "/Users/Toni/The Vault/campfire-mobile/campfire-mobile/Info.plist";
				IPHONEOS_DEPLOYMENT_TARGET = 16.4;
				MARKETING_VERSION = 1.0;
				PRODUCT_BUNDLE_IDENTIFIER = "campfire.campfire-mobileUITests";
				PRODUCT_NAME = "$(TARGET_NAME)";
				SWIFT_EMIT_LOC_STRINGS = NO;
				SWIFT_VERSION = 5.0;
				TARGETED_DEVICE_FAMILY = "1,2";
				TEST_TARGET_NAME = "campfire-mobile";
			};
			name = Debug;
		};
		E29096082A3E4741001BEDDE /* Release */ = {
			isa = XCBuildConfiguration;
			buildSettings = {
				ALWAYS_EMBED_SWIFT_STANDARD_LIBRARIES = YES;
				CODE_SIGN_STYLE = Automatic;
				CURRENT_PROJECT_VERSION = 1;
				DEVELOPMENT_TEAM = P898RXX9FS;
				GENERATE_INFOPLIST_FILE = YES;
				INFOPLIST_FILE = "/Users/adarshh_g/Documents/campfire-mobile/campfire-mobile/Info.plist";
				INFOPLIST_FILE = "/Users/Toni/The Vault/campfire-mobile/campfire-mobile/Info.plist";
				IPHONEOS_DEPLOYMENT_TARGET = 16.4;
				MARKETING_VERSION = 1.0;
				PRODUCT_BUNDLE_IDENTIFIER = "campfire.campfire-mobileUITests";
				PRODUCT_NAME = "$(TARGET_NAME)";
				SWIFT_EMIT_LOC_STRINGS = NO;
				SWIFT_VERSION = 5.0;
				TARGETED_DEVICE_FAMILY = "1,2";
				TEST_TARGET_NAME = "campfire-mobile";
			};
			name = Release;
		};
/* End XCBuildConfiguration section */

/* Begin XCConfigurationList section */
		E29095D22A3E473E001BEDDE /* Build configuration list for PBXProject "campfire-mobile" */ = {
			isa = XCConfigurationList;
			buildConfigurations = (
				E29095FE2A3E4741001BEDDE /* Debug */,
				E29095FF2A3E4741001BEDDE /* Release */,
			);
			defaultConfigurationIsVisible = 0;
			defaultConfigurationName = Release;
		};
		E29096002A3E4741001BEDDE /* Build configuration list for PBXNativeTarget "campfire-mobile" */ = {
			isa = XCConfigurationList;
			buildConfigurations = (
				E29096012A3E4741001BEDDE /* Debug */,
				E29096022A3E4741001BEDDE /* Release */,
			);
			defaultConfigurationIsVisible = 0;
			defaultConfigurationName = Release;
		};
		E29096032A3E4741001BEDDE /* Build configuration list for PBXNativeTarget "campfire-mobileTests" */ = {
			isa = XCConfigurationList;
			buildConfigurations = (
				E29096042A3E4741001BEDDE /* Debug */,
				E29096052A3E4741001BEDDE /* Release */,
			);
			defaultConfigurationIsVisible = 0;
			defaultConfigurationName = Release;
		};
		E29096062A3E4741001BEDDE /* Build configuration list for PBXNativeTarget "campfire-mobileUITests" */ = {
			isa = XCConfigurationList;
			buildConfigurations = (
				E29096072A3E4741001BEDDE /* Debug */,
				E29096082A3E4741001BEDDE /* Release */,
			);
			defaultConfigurationIsVisible = 0;
			defaultConfigurationName = Release;
		};
/* End XCConfigurationList section */

/* Begin XCRemoteSwiftPackageReference section */
		B140BA572A60F39400819203 /* XCRemoteSwiftPackageReference "SwiftUICam" */ = {
			isa = XCRemoteSwiftPackageReference;
			repositoryURL = "https://github.com/pierreveron/SwiftUICam";
			requirement = {
				branch = master;
				kind = branch;
			};
		};
		E272A0172A5BA36B008D2D78 /* XCRemoteSwiftPackageReference "firebase-ios-sdk" */ = {
			isa = XCRemoteSwiftPackageReference;
			repositoryURL = "https://github.com/firebase/firebase-ios-sdk";
			requirement = {
				kind = upToNextMajorVersion;
				minimumVersion = 10.0.0;
			};
		};
		E280A9E62A4FDEA500410B34 /* XCRemoteSwiftPackageReference "SlidingTabView" */ = {
			isa = XCRemoteSwiftPackageReference;
			repositoryURL = "https://github.com/QuynhNguyen/SlidingTabView.git";
			requirement = {
				kind = upToNextMajorVersion;
				minimumVersion = 1.0.0;
			};
		};
		E2BDE6A92A5E38770012D328 /* XCRemoteSwiftPackageReference "GoogleSignIn-iOS" */ = {
			isa = XCRemoteSwiftPackageReference;
			repositoryURL = "https://github.com/google/GoogleSignIn-iOS";
			requirement = {
				kind = upToNextMajorVersion;
				minimumVersion = 7.0.0;
			};
		};
/* End XCRemoteSwiftPackageReference section */

/* Begin XCSwiftPackageProductDependency section */
		B140BA582A60F39400819203 /* SwiftUICam */ = {
			isa = XCSwiftPackageProductDependency;
			package = B140BA572A60F39400819203 /* XCRemoteSwiftPackageReference "SwiftUICam" */;
			productName = SwiftUICam;
		};
		E272A0182A5BA36B008D2D78 /* FirebaseAnalytics */ = {
			isa = XCSwiftPackageProductDependency;
			package = E272A0172A5BA36B008D2D78 /* XCRemoteSwiftPackageReference "firebase-ios-sdk" */;
			productName = FirebaseAnalytics;
		};
		E272A01A2A5BA36B008D2D78 /* FirebaseAuth */ = {
			isa = XCSwiftPackageProductDependency;
			package = E272A0172A5BA36B008D2D78 /* XCRemoteSwiftPackageReference "firebase-ios-sdk" */;
			productName = FirebaseAuth;
		};
		E272A01C2A5BA36B008D2D78 /* FirebaseDatabase */ = {
			isa = XCSwiftPackageProductDependency;
			package = E272A0172A5BA36B008D2D78 /* XCRemoteSwiftPackageReference "firebase-ios-sdk" */;
			productName = FirebaseDatabase;
		};
		E272A01E2A5BA36B008D2D78 /* FirebaseFirestore */ = {
			isa = XCSwiftPackageProductDependency;
			package = E272A0172A5BA36B008D2D78 /* XCRemoteSwiftPackageReference "firebase-ios-sdk" */;
			productName = FirebaseFirestore;
		};
		E272A0202A5BA36B008D2D78 /* FirebaseFunctions */ = {
			isa = XCSwiftPackageProductDependency;
			package = E272A0172A5BA36B008D2D78 /* XCRemoteSwiftPackageReference "firebase-ios-sdk" */;
			productName = FirebaseFunctions;
		};
		E272A0222A5BA36B008D2D78 /* FirebaseMessaging */ = {
			isa = XCSwiftPackageProductDependency;
			package = E272A0172A5BA36B008D2D78 /* XCRemoteSwiftPackageReference "firebase-ios-sdk" */;
			productName = FirebaseMessaging;
		};
		E272A0242A5BA36B008D2D78 /* FirebaseStorage */ = {
			isa = XCSwiftPackageProductDependency;
			package = E272A0172A5BA36B008D2D78 /* XCRemoteSwiftPackageReference "firebase-ios-sdk" */;
			productName = FirebaseStorage;
		};
		E272A0262A5BA36B008D2D78 /* FirebaseStorageCombine-Community */ = {
			isa = XCSwiftPackageProductDependency;
			package = E272A0172A5BA36B008D2D78 /* XCRemoteSwiftPackageReference "firebase-ios-sdk" */;
			productName = "FirebaseStorageCombine-Community";
		};
		E280A9E72A4FDEA500410B34 /* SlidingTabView */ = {
			isa = XCSwiftPackageProductDependency;
			package = E280A9E62A4FDEA500410B34 /* XCRemoteSwiftPackageReference "SlidingTabView" */;
			productName = SlidingTabView;
		};
		E2BDE6AA2A5E38770012D328 /* GoogleSignIn */ = {
			isa = XCSwiftPackageProductDependency;
			package = E2BDE6A92A5E38770012D328 /* XCRemoteSwiftPackageReference "GoogleSignIn-iOS" */;
			productName = GoogleSignIn;
		};
		E2BDE6AC2A5E38770012D328 /* GoogleSignInSwift */ = {
			isa = XCSwiftPackageProductDependency;
			package = E2BDE6A92A5E38770012D328 /* XCRemoteSwiftPackageReference "GoogleSignIn-iOS" */;
			productName = GoogleSignInSwift;
		};
/* End XCSwiftPackageProductDependency section */

/* Begin XCVersionGroup section */
		E29095E52A3E4741001BEDDE /* campfire_mobile.xcdatamodeld */ = {
			isa = XCVersionGroup;
			children = (
				E29095E62A3E4741001BEDDE /* campfire_mobile.xcdatamodel */,
			);
			currentVersion = E29095E62A3E4741001BEDDE /* campfire_mobile.xcdatamodel */;
			path = campfire_mobile.xcdatamodeld;
			sourceTree = "<group>";
			versionGroupType = wrapper.xcdatamodel;
		};
/* End XCVersionGroup section */
	};
	rootObject = E29095CF2A3E473E001BEDDE /* Project object */;
}
